// !$*UTF8*$!
{
	archiveVersion = 1;
	classes = {
	};
	objectVersion = 46;
	objects = {

/* Begin PBXBuildFile section */
		D5197A3E17EECAAF00CA387C /* Foundation.framework in Frameworks */ = {isa = PBXBuildFile; fileRef = D5197A3D17EECAAF00CA387C /* Foundation.framework */; };
		D5197A4017EECAAF00CA387C /* CoreGraphics.framework in Frameworks */ = {isa = PBXBuildFile; fileRef = D5197A3F17EECAAF00CA387C /* CoreGraphics.framework */; };
		D5197A4217EECAAF00CA387C /* UIKit.framework in Frameworks */ = {isa = PBXBuildFile; fileRef = D5197A4117EECAAF00CA387C /* UIKit.framework */; };
		D5197A4817EECAAF00CA387C /* InfoPlist.strings in Resources */ = {isa = PBXBuildFile; fileRef = D5197A4617EECAAF00CA387C /* InfoPlist.strings */; };
		D5197A4A17EECAAF00CA387C /* main.m in Sources */ = {isa = PBXBuildFile; fileRef = D5197A4917EECAAF00CA387C /* main.m */; };
		D5197A4E17EECAAF00CA387C /* AppDelegate.m in Sources */ = {isa = PBXBuildFile; fileRef = D5197A4D17EECAAF00CA387C /* AppDelegate.m */; };
		D5197A5117EECAAF00CA387C /* Main_iPhone.storyboard in Resources */ = {isa = PBXBuildFile; fileRef = D5197A4F17EECAAF00CA387C /* Main_iPhone.storyboard */; };
		D5197A5417EECAAF00CA387C /* Main_iPad.storyboard in Resources */ = {isa = PBXBuildFile; fileRef = D5197A5217EECAAF00CA387C /* Main_iPad.storyboard */; };
		D5197A5917EECAAF00CA387C /* Images.xcassets in Resources */ = {isa = PBXBuildFile; fileRef = D5197A5817EECAAF00CA387C /* Images.xcassets */; };
		D5197A6017EECAAF00CA387C /* XCTest.framework in Frameworks */ = {isa = PBXBuildFile; fileRef = D5197A5F17EECAAF00CA387C /* XCTest.framework */; };
		D5197A6117EECAAF00CA387C /* Foundation.framework in Frameworks */ = {isa = PBXBuildFile; fileRef = D5197A3D17EECAAF00CA387C /* Foundation.framework */; };
		D5197A6217EECAAF00CA387C /* UIKit.framework in Frameworks */ = {isa = PBXBuildFile; fileRef = D5197A4117EECAAF00CA387C /* UIKit.framework */; };
		D5197A6A17EECAAF00CA387C /* InfoPlist.strings in Resources */ = {isa = PBXBuildFile; fileRef = D5197A6817EECAAF00CA387C /* InfoPlist.strings */; };
		D5197A6C17EECAAF00CA387C /* AppTests.m in Sources */ = {isa = PBXBuildFile; fileRef = D5197A6B17EECAAF00CA387C /* AppTests.m */; };
		D5197A7817EECF3B00CA387C /* HomeViewController.m in Sources */ = {isa = PBXBuildFile; fileRef = D5197A7717EECF3B00CA387C /* HomeViewController.m */; };
/* End PBXBuildFile section */

/* Begin PBXContainerItemProxy section */
		D5197A6317EECAAF00CA387C /* PBXContainerItemProxy */ = {
			isa = PBXContainerItemProxy;
			containerPortal = D5197A3217EECAAF00CA387C /* Project object */;
			proxyType = 1;
			remoteGlobalIDString = D5197A3917EECAAF00CA387C;
			remoteInfo = App;
		};
/* End PBXContainerItemProxy section */

/* Begin PBXFileReference section */
		D5197A3A17EECAAF00CA387C /* App.app */ = {isa = PBXFileReference; explicitFileType = wrapper.application; includeInIndex = 0; path = App.app; sourceTree = BUILT_PRODUCTS_DIR; };
		D5197A3D17EECAAF00CA387C /* Foundation.framework */ = {isa = PBXFileReference; lastKnownFileType = wrapper.framework; name = Foundation.framework; path = System/Library/Frameworks/Foundation.framework; sourceTree = SDKROOT; };
		D5197A3F17EECAAF00CA387C /* CoreGraphics.framework */ = {isa = PBXFileReference; lastKnownFileType = wrapper.framework; name = CoreGraphics.framework; path = System/Library/Frameworks/CoreGraphics.framework; sourceTree = SDKROOT; };
		D5197A4117EECAAF00CA387C /* UIKit.framework */ = {isa = PBXFileReference; lastKnownFileType = wrapper.framework; name = UIKit.framework; path = System/Library/Frameworks/UIKit.framework; sourceTree = SDKROOT; };
		D5197A4517EECAAF00CA387C /* App-Info.plist */ = {isa = PBXFileReference; lastKnownFileType = text.plist.xml; path = "App-Info.plist"; sourceTree = "<group>"; };
		D5197A4717EECAAF00CA387C /* en */ = {isa = PBXFileReference; lastKnownFileType = text.plist.strings; name = en; path = en.lproj/InfoPlist.strings; sourceTree = "<group>"; };
		D5197A4917EECAAF00CA387C /* main.m */ = {isa = PBXFileReference; lastKnownFileType = sourcecode.c.objc; path = main.m; sourceTree = "<group>"; };
		D5197A4B17EECAAF00CA387C /* App-Prefix.pch */ = {isa = PBXFileReference; lastKnownFileType = sourcecode.c.h; path = "App-Prefix.pch"; sourceTree = "<group>"; };
		D5197A4C17EECAAF00CA387C /* AppDelegate.h */ = {isa = PBXFileReference; lastKnownFileType = sourcecode.c.h; path = AppDelegate.h; sourceTree = "<group>"; };
		D5197A4D17EECAAF00CA387C /* AppDelegate.m */ = {isa = PBXFileReference; lastKnownFileType = sourcecode.c.objc; path = AppDelegate.m; sourceTree = "<group>"; };
		D5197A5017EECAAF00CA387C /* Base */ = {isa = PBXFileReference; lastKnownFileType = file.storyboard; name = Base; path = Base.lproj/Main_iPhone.storyboard; sourceTree = "<group>"; };
		D5197A5317EECAAF00CA387C /* Base */ = {isa = PBXFileReference; lastKnownFileType = file.storyboard; name = Base; path = Base.lproj/Main_iPad.storyboard; sourceTree = "<group>"; };
		D5197A5817EECAAF00CA387C /* Images.xcassets */ = {isa = PBXFileReference; lastKnownFileType = folder.assetcatalog; path = Images.xcassets; sourceTree = "<group>"; };
		D5197A5E17EECAAF00CA387C /* AppTests.xctest */ = {isa = PBXFileReference; explicitFileType = wrapper.cfbundle; includeInIndex = 0; path = AppTests.xctest; sourceTree = BUILT_PRODUCTS_DIR; };
		D5197A5F17EECAAF00CA387C /* XCTest.framework */ = {isa = PBXFileReference; lastKnownFileType = wrapper.framework; name = XCTest.framework; path = Library/Frameworks/XCTest.framework; sourceTree = DEVELOPER_DIR; };
		D5197A6717EECAAF00CA387C /* AppTests-Info.plist */ = {isa = PBXFileReference; lastKnownFileType = text.plist.xml; path = "AppTests-Info.plist"; sourceTree = "<group>"; };
		D5197A6917EECAAF00CA387C /* en */ = {isa = PBXFileReference; lastKnownFileType = text.plist.strings; name = en; path = en.lproj/InfoPlist.strings; sourceTree = "<group>"; };
		D5197A6B17EECAAF00CA387C /* AppTests.m */ = {isa = PBXFileReference; lastKnownFileType = sourcecode.c.objc; path = AppTests.m; sourceTree = "<group>"; };
		D5197A7617EECF3B00CA387C /* HomeViewController.h */ = {isa = PBXFileReference; fileEncoding = 4; lastKnownFileType = sourcecode.c.h; path = HomeViewController.h; sourceTree = "<group>"; };
		D5197A7717EECF3B00CA387C /* HomeViewController.m */ = {isa = PBXFileReference; fileEncoding = 4; lastKnownFileType = sourcecode.c.objc; path = HomeViewController.m; sourceTree = "<group>"; };
/* End PBXFileReference section */

/* Begin PBXFrameworksBuildPhase section */
		D5197A3717EECAAF00CA387C /* Frameworks */ = {
			isa = PBXFrameworksBuildPhase;
			buildActionMask = 2147483647;
			files = (
				D5197A4017EECAAF00CA387C /* CoreGraphics.framework in Frameworks */,
				D5197A4217EECAAF00CA387C /* UIKit.framework in Frameworks */,
				D5197A3E17EECAAF00CA387C /* Foundation.framework in Frameworks */,
			);
			runOnlyForDeploymentPostprocessing = 0;
		};
		D5197A5B17EECAAF00CA387C /* Frameworks */ = {
			isa = PBXFrameworksBuildPhase;
			buildActionMask = 2147483647;
			files = (
				D5197A6017EECAAF00CA387C /* XCTest.framework in Frameworks */,
				D5197A6217EECAAF00CA387C /* UIKit.framework in Frameworks */,
				D5197A6117EECAAF00CA387C /* Foundation.framework in Frameworks */,
			);
			runOnlyForDeploymentPostprocessing = 0;
		};
/* End PBXFrameworksBuildPhase section */

/* Begin PBXGroup section */
		D5197A3117EECAAF00CA387C = {
			isa = PBXGroup;
			children = (
				D5197A4317EECAAF00CA387C /* App */,
				D5197A6517EECAAF00CA387C /* AppTests */,
				D5197A3C17EECAAF00CA387C /* Frameworks */,
				D5197A3B17EECAAF00CA387C /* Products */,
			);
			sourceTree = "<group>";
		};
		D5197A3B17EECAAF00CA387C /* Products */ = {
			isa = PBXGroup;
			children = (
				D5197A3A17EECAAF00CA387C /* App.app */,
				D5197A5E17EECAAF00CA387C /* AppTests.xctest */,
			);
			name = Products;
			sourceTree = "<group>";
		};
		D5197A3C17EECAAF00CA387C /* Frameworks */ = {
			isa = PBXGroup;
			children = (
				D5197A3D17EECAAF00CA387C /* Foundation.framework */,
				D5197A3F17EECAAF00CA387C /* CoreGraphics.framework */,
				D5197A4117EECAAF00CA387C /* UIKit.framework */,
				D5197A5F17EECAAF00CA387C /* XCTest.framework */,
			);
			name = Frameworks;
			sourceTree = "<group>";
		};
		D5197A4317EECAAF00CA387C /* App */ = {
			isa = PBXGroup;
			children = (
				D5197A4C17EECAAF00CA387C /* AppDelegate.h */,
				D5197A4D17EECAAF00CA387C /* AppDelegate.m */,
				D5197A7517EECF1A00CA387C /* Home */,
				D5197A5817EECAAF00CA387C /* Images.xcassets */,
				D5197A5217EECAAF00CA387C /* Main_iPad.storyboard */,
				D5197A4F17EECAAF00CA387C /* Main_iPhone.storyboard */,
				D5197A4417EECAAF00CA387C /* Supporting Files */,
			);
			path = App;
			sourceTree = "<group>";
		};
		D5197A4417EECAAF00CA387C /* Supporting Files */ = {
			isa = PBXGroup;
			children = (
				D5197A4517EECAAF00CA387C /* App-Info.plist */,
				D5197A4617EECAAF00CA387C /* InfoPlist.strings */,
				D5197A4917EECAAF00CA387C /* main.m */,
				D5197A4B17EECAAF00CA387C /* App-Prefix.pch */,
			);
			name = "Supporting Files";
			sourceTree = "<group>";
		};
		D5197A6517EECAAF00CA387C /* AppTests */ = {
			isa = PBXGroup;
			children = (
				D5197A6B17EECAAF00CA387C /* AppTests.m */,
				D5197A6617EECAAF00CA387C /* Supporting Files */,
			);
			path = AppTests;
			sourceTree = "<group>";
		};
		D5197A6617EECAAF00CA387C /* Supporting Files */ = {
			isa = PBXGroup;
			children = (
				D5197A6717EECAAF00CA387C /* AppTests-Info.plist */,
				D5197A6817EECAAF00CA387C /* InfoPlist.strings */,
			);
			name = "Supporting Files";
			sourceTree = "<group>";
		};
		D5197A7517EECF1A00CA387C /* Home */ = {
			isa = PBXGroup;
			children = (
				D5197A7617EECF3B00CA387C /* HomeViewController.h */,
				D5197A7717EECF3B00CA387C /* HomeViewController.m */,
			);
			path = Home;
			sourceTree = "<group>";
		};
/* End PBXGroup section */

/* Begin PBXNativeTarget section */
		D5197A3917EECAAF00CA387C /* App */ = {
			isa = PBXNativeTarget;
			buildConfigurationList = D5197A6F17EECAAF00CA387C /* Build configuration list for PBXNativeTarget "App" */;
			buildPhases = (
				D5197A3617EECAAF00CA387C /* Sources */,
				D5197A3717EECAAF00CA387C /* Frameworks */,
				D5197A3817EECAAF00CA387C /* Resources */,
			);
			buildRules = (
			);
			dependencies = (
			);
			name = App;
			productName = App;
			productReference = D5197A3A17EECAAF00CA387C /* App.app */;
			productType = "com.apple.product-type.application";
		};
		D5197A5D17EECAAF00CA387C /* AppTests */ = {
			isa = PBXNativeTarget;
			buildConfigurationList = D5197A7217EECAAF00CA387C /* Build configuration list for PBXNativeTarget "AppTests" */;
			buildPhases = (
				D5197A5A17EECAAF00CA387C /* Sources */,
				D5197A5B17EECAAF00CA387C /* Frameworks */,
				D5197A5C17EECAAF00CA387C /* Resources */,
			);
			buildRules = (
			);
			dependencies = (
				D5197A6417EECAAF00CA387C /* PBXTargetDependency */,
			);
			name = AppTests;
			productName = AppTests;
			productReference = D5197A5E17EECAAF00CA387C /* AppTests.xctest */;
			productType = "com.apple.product-type.bundle.unit-test";
		};
/* End PBXNativeTarget section */

/* Begin PBXProject section */
		D5197A3217EECAAF00CA387C /* Project object */ = {
			isa = PBXProject;
			attributes = {
				LastUpgradeCheck = 0500;
				ORGANIZATIONNAME = Chinamobo;
				TargetAttributes = {
					D5197A5D17EECAAF00CA387C = {
						TestTargetID = D5197A3917EECAAF00CA387C;
					};
				};
			};
			buildConfigurationList = D5197A3517EECAAF00CA387C /* Build configuration list for PBXProject "App" */;
			compatibilityVersion = "Xcode 3.2";
			developmentRegion = English;
			hasScannedForEncodings = 0;
			knownRegions = (
				en,
				Base,
			);
			mainGroup = D5197A3117EECAAF00CA387C;
			productRefGroup = D5197A3B17EECAAF00CA387C /* Products */;
			projectDirPath = "";
			projectRoot = "";
			targets = (
				D5197A3917EECAAF00CA387C /* App */,
				D5197A5D17EECAAF00CA387C /* AppTests */,
			);
		};
/* End PBXProject section */

/* Begin PBXResourcesBuildPhase section */
		D5197A3817EECAAF00CA387C /* Resources */ = {
			isa = PBXResourcesBuildPhase;
			buildActionMask = 2147483647;
			files = (
				D5197A5417EECAAF00CA387C /* Main_iPad.storyboard in Resources */,
				D5197A5917EECAAF00CA387C /* Images.xcassets in Resources */,
				D5197A5117EECAAF00CA387C /* Main_iPhone.storyboard in Resources */,
				D5197A4817EECAAF00CA387C /* InfoPlist.strings in Resources */,
			);
			runOnlyForDeploymentPostprocessing = 0;
		};
		D5197A5C17EECAAF00CA387C /* Resources */ = {
			isa = PBXResourcesBuildPhase;
			buildActionMask = 2147483647;
			files = (
				D5197A6A17EECAAF00CA387C /* InfoPlist.strings in Resources */,
			);
			runOnlyForDeploymentPostprocessing = 0;
		};
/* End PBXResourcesBuildPhase section */

/* Begin PBXSourcesBuildPhase section */
		D5197A3617EECAAF00CA387C /* Sources */ = {
			isa = PBXSourcesBuildPhase;
			buildActionMask = 2147483647;
			files = (
				D5197A4E17EECAAF00CA387C /* AppDelegate.m in Sources */,
				D5197A4A17EECAAF00CA387C /* main.m in Sources */,
				D5197A7817EECF3B00CA387C /* HomeViewController.m in Sources */,
			);
			runOnlyForDeploymentPostprocessing = 0;
		};
		D5197A5A17EECAAF00CA387C /* Sources */ = {
			isa = PBXSourcesBuildPhase;
			buildActionMask = 2147483647;
			files = (
				D5197A6C17EECAAF00CA387C /* AppTests.m in Sources */,
			);
			runOnlyForDeploymentPostprocessing = 0;
		};
/* End PBXSourcesBuildPhase section */

/* Begin PBXTargetDependency section */
		D5197A6417EECAAF00CA387C /* PBXTargetDependency */ = {
			isa = PBXTargetDependency;
			target = D5197A3917EECAAF00CA387C /* App */;
			targetProxy = D5197A6317EECAAF00CA387C /* PBXContainerItemProxy */;
		};
/* End PBXTargetDependency section */

/* Begin PBXVariantGroup section */
		D5197A4617EECAAF00CA387C /* InfoPlist.strings */ = {
			isa = PBXVariantGroup;
			children = (
				D5197A4717EECAAF00CA387C /* en */,
			);
			name = InfoPlist.strings;
			sourceTree = "<group>";
		};
		D5197A4F17EECAAF00CA387C /* Main_iPhone.storyboard */ = {
			isa = PBXVariantGroup;
			children = (
				D5197A5017EECAAF00CA387C /* Base */,
			);
			name = Main_iPhone.storyboard;
			sourceTree = "<group>";
		};
		D5197A5217EECAAF00CA387C /* Main_iPad.storyboard */ = {
			isa = PBXVariantGroup;
			children = (
				D5197A5317EECAAF00CA387C /* Base */,
			);
			name = Main_iPad.storyboard;
			sourceTree = "<group>";
		};
		D5197A6817EECAAF00CA387C /* InfoPlist.strings */ = {
			isa = PBXVariantGroup;
			children = (
				D5197A6917EECAAF00CA387C /* en */,
			);
			name = InfoPlist.strings;
			sourceTree = "<group>";
		};
/* End PBXVariantGroup section */

/* Begin XCBuildConfiguration section */
		D5197A6D17EECAAF00CA387C /* Debug */ = {
			isa = XCBuildConfiguration;
			buildSettings = {
				ALWAYS_SEARCH_USER_PATHS = NO;
				ARCHS = "$(ARCHS_STANDARD_INCLUDING_64_BIT)";
				CLANG_CXX_LANGUAGE_STANDARD = "gnu++0x";
				CLANG_CXX_LIBRARY = "libc++";
				CLANG_ENABLE_MODULES = YES;
				CLANG_ENABLE_OBJC_ARC = YES;
				CLANG_WARN_BOOL_CONVERSION = YES;
				CLANG_WARN_CONSTANT_CONVERSION = YES;
				CLANG_WARN_DIRECT_OBJC_ISA_USAGE = YES_ERROR;
				CLANG_WARN_EMPTY_BODY = YES;
				CLANG_WARN_ENUM_CONVERSION = YES;
				CLANG_WARN_INT_CONVERSION = YES;
				CLANG_WARN_OBJC_ROOT_CLASS = YES_ERROR;
				CLANG_WARN__DUPLICATE_METHOD_MATCH = YES;
				"CODE_SIGN_IDENTITY[sdk=iphoneos*]" = "iPhone Developer";
				COPY_PHASE_STRIP = NO;
				GCC_C_LANGUAGE_STANDARD = gnu99;
				GCC_DYNAMIC_NO_PIC = NO;
				GCC_OPTIMIZATION_LEVEL = 0;
				GCC_PREPROCESSOR_DEFINITIONS = (
					"DEBUG=1",
					"$(inherited)",
				);
				GCC_SYMBOLS_PRIVATE_EXTERN = NO;
				GCC_WARN_64_TO_32_BIT_CONVERSION = YES;
				GCC_WARN_ABOUT_RETURN_TYPE = YES_ERROR;
				GCC_WARN_UNDECLARED_SELECTOR = YES;
				GCC_WARN_UNINITIALIZED_AUTOS = YES;
				GCC_WARN_UNUSED_FUNCTION = YES;
				GCC_WARN_UNUSED_VARIABLE = YES;
				IPHONEOS_DEPLOYMENT_TARGET = 6.0;
				ONLY_ACTIVE_ARCH = YES;
				SDKROOT = iphoneos;
				TARGETED_DEVICE_FAMILY = "1,2";
			};
			name = Debug;
		};
		D5197A6E17EECAAF00CA387C /* Release */ = {
			isa = XCBuildConfiguration;
			buildSettings = {
				ALWAYS_SEARCH_USER_PATHS = NO;
				ARCHS = "$(ARCHS_STANDARD_INCLUDING_64_BIT)";
				CLANG_CXX_LANGUAGE_STANDARD = "gnu++0x";
				CLANG_CXX_LIBRARY = "libc++";
				CLANG_ENABLE_MODULES = YES;
				CLANG_ENABLE_OBJC_ARC = YES;
				CLANG_WARN_BOOL_CONVERSION = YES;
				CLANG_WARN_CONSTANT_CONVERSION = YES;
				CLANG_WARN_DIRECT_OBJC_ISA_USAGE = YES_ERROR;
				CLANG_WARN_EMPTY_BODY = YES;
				CLANG_WARN_ENUM_CONVERSION = YES;
				CLANG_WARN_INT_CONVERSION = YES;
				CLANG_WARN_OBJC_ROOT_CLASS = YES_ERROR;
				CLANG_WARN__DUPLICATE_METHOD_MATCH = YES;
				"CODE_SIGN_IDENTITY[sdk=iphoneos*]" = "iPhone Developer";
				COPY_PHASE_STRIP = YES;
				ENABLE_NS_ASSERTIONS = NO;
				GCC_C_LANGUAGE_STANDARD = gnu99;
				GCC_WARN_64_TO_32_BIT_CONVERSION = YES;
				GCC_WARN_ABOUT_RETURN_TYPE = YES_ERROR;
				GCC_WARN_UNDECLARED_SELECTOR = YES;
				GCC_WARN_UNINITIALIZED_AUTOS = YES;
				GCC_WARN_UNUSED_FUNCTION = YES;
				GCC_WARN_UNUSED_VARIABLE = YES;
				IPHONEOS_DEPLOYMENT_TARGET = 6.0;
				SDKROOT = iphoneos;
				TARGETED_DEVICE_FAMILY = "1,2";
				VALIDATE_PRODUCT = YES;
			};
			name = Release;
		};
		D5197A7017EECAAF00CA387C /* Debug */ = {
			isa = XCBuildConfiguration;
			buildSettings = {
				ASSETCATALOG_COMPILER_APPICON_NAME = AppIcon;
				ASSETCATALOG_COMPILER_LAUNCHIMAGE_NAME = LaunchImage;
				GCC_PRECOMPILE_PREFIX_HEADER = YES;
				GCC_PREFIX_HEADER = "App/App-Prefix.pch";
				INFOPLIST_FILE = "App/App-Info.plist";
				PRODUCT_NAME = "$(TARGET_NAME)";
				WRAPPER_EXTENSION = app;
			};
			name = Debug;
		};
		D5197A7117EECAAF00CA387C /* Release */ = {
			isa = XCBuildConfiguration;
			buildSettings = {
				ASSETCATALOG_COMPILER_APPICON_NAME = AppIcon;
				ASSETCATALOG_COMPILER_LAUNCHIMAGE_NAME = LaunchImage;
				GCC_PRECOMPILE_PREFIX_HEADER = YES;
				GCC_PREFIX_HEADER = "App/App-Prefix.pch";
				INFOPLIST_FILE = "App/App-Info.plist";
				PRODUCT_NAME = "$(TARGET_NAME)";
				WRAPPER_EXTENSION = app;
			};
			name = Release;
		};
		D5197A7317EECAAF00CA387C /* Debug */ = {
			isa = XCBuildConfiguration;
			buildSettings = {
				ARCHS = "$(ARCHS_STANDARD_INCLUDING_64_BIT)";
				BUNDLE_LOADER = "$(BUILT_PRODUCTS_DIR)/App.app/App";
				FRAMEWORK_SEARCH_PATHS = (
					"$(SDKROOT)/Developer/Library/Frameworks",
					"$(inherited)",
					"$(DEVELOPER_FRAMEWORKS_DIR)",
				);
				GCC_PRECOMPILE_PREFIX_HEADER = YES;
				GCC_PREFIX_HEADER = "App/App-Prefix.pch";
				GCC_PREPROCESSOR_DEFINITIONS = (
					"DEBUG=1",
					"$(inherited)",
				);
				INFOPLIST_FILE = "AppTests/AppTests-Info.plist";
				PRODUCT_NAME = "$(TARGET_NAME)";
				TEST_HOST = "$(BUNDLE_LOADER)";
				WRAPPER_EXTENSION = xctest;
			};
			name = Debug;
		};
		D5197A7417EECAAF00CA387C /* Release */ = {
			isa = XCBuildConfiguration;
			buildSettings = {
				ARCHS = "$(ARCHS_STANDARD_INCLUDING_64_BIT)";
				BUNDLE_LOADER = "$(BUILT_PRODUCTS_DIR)/App.app/App";
				FRAMEWORK_SEARCH_PATHS = (
					"$(SDKROOT)/Developer/Library/Frameworks",
					"$(inherited)",
					"$(DEVELOPER_FRAMEWORKS_DIR)",
				);
				GCC_PRECOMPILE_PREFIX_HEADER = YES;
				GCC_PREFIX_HEADER = "App/App-Prefix.pch";
				INFOPLIST_FILE = "AppTests/AppTests-Info.plist";
				PRODUCT_NAME = "$(TARGET_NAME)";
				TEST_HOST = "$(BUNDLE_LOADER)";
				WRAPPER_EXTENSION = xctest;
			};
			name = Release;
		};
/* End XCBuildConfiguration section */

/* Begin XCConfigurationList section */
		D5197A3517EECAAF00CA387C /* Build configuration list for PBXProject "App" */ = {
			isa = XCConfigurationList;
			buildConfigurations = (
				D5197A6D17EECAAF00CA387C /* Debug */,
				D5197A6E17EECAAF00CA387C /* Release */,
			);
			defaultConfigurationIsVisible = 0;
			defaultConfigurationName = Release;
		};
		D5197A6F17EECAAF00CA387C /* Build configuration list for PBXNativeTarget "App" */ = {
			isa = XCConfigurationList;
			buildConfigurations = (
				D5197A7017EECAAF00CA387C /* Debug */,
				D5197A7117EECAAF00CA387C /* Release */,
			);
			defaultConfigurationIsVisible = 0;
			defaultConfigurationName = Release;
		};
		D5197A7217EECAAF00CA387C /* Build configuration list for PBXNativeTarget "AppTests" */ = {
			isa = XCConfigurationList;
			buildConfigurations = (
				D5197A7317EECAAF00CA387C /* Debug */,
				D5197A7417EECAAF00CA387C /* Release */,
			);
			defaultConfigurationIsVisible = 0;
			defaultConfigurationName = Release;
		};
/* End XCConfigurationList section */
	};
	rootObject = D5197A3217EECAAF00CA387C /* Project object */;
}
