// !$*UTF8*$!
{
	archiveVersion = 1;
	classes = {
	};
	objectVersion = 46;
	objects = {

/* Begin PBXBuildFile section */
		D51CC8811622EE3B00BE1083 /* UIKit.framework in Frameworks */ = {isa = PBXBuildFile; fileRef = D51CC8801622EE3B00BE1083 /* UIKit.framework */; };
		D51CC8831622EE3B00BE1083 /* Foundation.framework in Frameworks */ = {isa = PBXBuildFile; fileRef = D51CC8821622EE3B00BE1083 /* Foundation.framework */; };
		D51CC8851622EE3B00BE1083 /* CoreGraphics.framework in Frameworks */ = {isa = PBXBuildFile; fileRef = D51CC8841622EE3B00BE1083 /* CoreGraphics.framework */; };
		D51CC88D1622EE3B00BE1083 /* main.m in Sources */ = {isa = PBXBuildFile; fileRef = D51CC88C1622EE3B00BE1083 /* main.m */; };
		D51CC8911622EE3B00BE1083 /* AppDelegate.m in Sources */ = {isa = PBXBuildFile; fileRef = D51CC8901622EE3B00BE1083 /* AppDelegate.m */; };
		D51CC8A01622EE3B00BE1083 /* ViewController.m in Sources */ = {isa = PBXBuildFile; fileRef = D51CC89F1622EE3B00BE1083 /* ViewController.m */; };
		D51CC8A81622EE3B00BE1083 /* SenTestingKit.framework in Frameworks */ = {isa = PBXBuildFile; fileRef = D51CC8A71622EE3B00BE1083 /* SenTestingKit.framework */; };
		D51CC8A91622EE3B00BE1083 /* UIKit.framework in Frameworks */ = {isa = PBXBuildFile; fileRef = D51CC8801622EE3B00BE1083 /* UIKit.framework */; };
		D51CC8AA1622EE3B00BE1083 /* Foundation.framework in Frameworks */ = {isa = PBXBuildFile; fileRef = D51CC8821622EE3B00BE1083 /* Foundation.framework */; };
		D51CC8B51622EE3B00BE1083 /* AppTests.m in Sources */ = {isa = PBXBuildFile; fileRef = D51CC8B41622EE3B00BE1083 /* AppTests.m */; };
		D526B2F216381830003087FF /* ExampleEntity.m in Sources */ = {isa = PBXBuildFile; fileRef = D526B2F116381830003087FF /* ExampleEntity.m */; };
		D526B2F316381830003087FF /* ExampleEntity.m in Sources */ = {isa = PBXBuildFile; fileRef = D526B2F116381830003087FF /* ExampleEntity.m */; };
		D526B2FA16381888003087FF /* main.xcdatamodeld in Sources */ = {isa = PBXBuildFile; fileRef = D526B2F816381888003087FF /* main.xcdatamodeld */; };
		D526B2FB16381888003087FF /* main.xcdatamodeld in Sources */ = {isa = PBXBuildFile; fileRef = D526B2F816381888003087FF /* main.xcdatamodeld */; };
		D526B2FE163818B4003087FF /* ExampleEntity+Cache.m in Sources */ = {isa = PBXBuildFile; fileRef = D526B2FD163818B4003087FF /* ExampleEntity+Cache.m */; };
		D526B2FF163818B4003087FF /* ExampleEntity+Cache.m in Sources */ = {isa = PBXBuildFile; fileRef = D526B2FD163818B4003087FF /* ExampleEntity+Cache.m */; };
		D544EC4D1652042E000A1090 /* NSArray+RFKit.m in Sources */ = {isa = PBXBuildFile; fileRef = D544EC101652042E000A1090 /* NSArray+RFKit.m */; };
		D544EC4E1652042E000A1090 /* NSArray+RFKit.m in Sources */ = {isa = PBXBuildFile; fileRef = D544EC101652042E000A1090 /* NSArray+RFKit.m */; };
		D544EC4F1652042E000A1090 /* NSBundle+RFKit.m in Sources */ = {isa = PBXBuildFile; fileRef = D544EC121652042E000A1090 /* NSBundle+RFKit.m */; };
		D544EC501652042E000A1090 /* NSBundle+RFKit.m in Sources */ = {isa = PBXBuildFile; fileRef = D544EC121652042E000A1090 /* NSBundle+RFKit.m */; };
		D544EC511652042E000A1090 /* NSDate+RFKit.m in Sources */ = {isa = PBXBuildFile; fileRef = D544EC141652042E000A1090 /* NSDate+RFKit.m */; };
		D544EC521652042E000A1090 /* NSDate+RFKit.m in Sources */ = {isa = PBXBuildFile; fileRef = D544EC141652042E000A1090 /* NSDate+RFKit.m */; };
		D544EC531652042E000A1090 /* NSDateFormatter+RFKit.m in Sources */ = {isa = PBXBuildFile; fileRef = D544EC161652042E000A1090 /* NSDateFormatter+RFKit.m */; };
		D544EC541652042E000A1090 /* NSDateFormatter+RFKit.m in Sources */ = {isa = PBXBuildFile; fileRef = D544EC161652042E000A1090 /* NSDateFormatter+RFKit.m */; };
		D544EC551652042E000A1090 /* NSDictionary+RFKit.m in Sources */ = {isa = PBXBuildFile; fileRef = D544EC181652042E000A1090 /* NSDictionary+RFKit.m */; };
		D544EC561652042E000A1090 /* NSDictionary+RFKit.m in Sources */ = {isa = PBXBuildFile; fileRef = D544EC181652042E000A1090 /* NSDictionary+RFKit.m */; };
		D544EC571652042E000A1090 /* NSFileManager+RFKit.m in Sources */ = {isa = PBXBuildFile; fileRef = D544EC1A1652042E000A1090 /* NSFileManager+RFKit.m */; };
		D544EC581652042E000A1090 /* NSFileManager+RFKit.m in Sources */ = {isa = PBXBuildFile; fileRef = D544EC1A1652042E000A1090 /* NSFileManager+RFKit.m */; };
		D544EC591652042E000A1090 /* NSNumberFormatter+RFKit.m in Sources */ = {isa = PBXBuildFile; fileRef = D544EC1C1652042E000A1090 /* NSNumberFormatter+RFKit.m */; };
		D544EC5A1652042E000A1090 /* NSNumberFormatter+RFKit.m in Sources */ = {isa = PBXBuildFile; fileRef = D544EC1C1652042E000A1090 /* NSNumberFormatter+RFKit.m */; };
		D544EC5B1652042E000A1090 /* NSObject+RFKit.m in Sources */ = {isa = PBXBuildFile; fileRef = D544EC1E1652042E000A1090 /* NSObject+RFKit.m */; };
		D544EC5C1652042E000A1090 /* NSObject+RFKit.m in Sources */ = {isa = PBXBuildFile; fileRef = D544EC1E1652042E000A1090 /* NSObject+RFKit.m */; };
		D544EC5D1652042E000A1090 /* NSString+RFKit.m in Sources */ = {isa = PBXBuildFile; fileRef = D544EC201652042E000A1090 /* NSString+RFKit.m */; };
		D544EC5E1652042E000A1090 /* NSString+RFKit.m in Sources */ = {isa = PBXBuildFile; fileRef = D544EC201652042E000A1090 /* NSString+RFKit.m */; };
		D544EC5F1652042E000A1090 /* NSURL+RFKit.m in Sources */ = {isa = PBXBuildFile; fileRef = D544EC221652042E000A1090 /* NSURL+RFKit.m */; };
		D544EC601652042E000A1090 /* NSURL+RFKit.m in Sources */ = {isa = PBXBuildFile; fileRef = D544EC221652042E000A1090 /* NSURL+RFKit.m */; };
		D544EC611652042E000A1090 /* UIAlertView+RFKit.m in Sources */ = {isa = PBXBuildFile; fileRef = D544EC251652042E000A1090 /* UIAlertView+RFKit.m */; };
		D544EC621652042E000A1090 /* UIAlertView+RFKit.m in Sources */ = {isa = PBXBuildFile; fileRef = D544EC251652042E000A1090 /* UIAlertView+RFKit.m */; };
		D544EC631652042E000A1090 /* UIButton+RFKit.m in Sources */ = {isa = PBXBuildFile; fileRef = D544EC271652042E000A1090 /* UIButton+RFKit.m */; };
		D544EC641652042E000A1090 /* UIButton+RFKit.m in Sources */ = {isa = PBXBuildFile; fileRef = D544EC271652042E000A1090 /* UIButton+RFKit.m */; };
		D544EC651652042E000A1090 /* UIColor+RFKit.m in Sources */ = {isa = PBXBuildFile; fileRef = D544EC291652042E000A1090 /* UIColor+RFKit.m */; };
		D544EC661652042E000A1090 /* UIColor+RFKit.m in Sources */ = {isa = PBXBuildFile; fileRef = D544EC291652042E000A1090 /* UIColor+RFKit.m */; };
		D544EC671652042E000A1090 /* UIDevice+RFKit.m in Sources */ = {isa = PBXBuildFile; fileRef = D544EC2B1652042E000A1090 /* UIDevice+RFKit.m */; };
		D544EC681652042E000A1090 /* UIDevice+RFKit.m in Sources */ = {isa = PBXBuildFile; fileRef = D544EC2B1652042E000A1090 /* UIDevice+RFKit.m */; };
		D544EC691652042E000A1090 /* UIImage+RFKit.m in Sources */ = {isa = PBXBuildFile; fileRef = D544EC2D1652042E000A1090 /* UIImage+RFKit.m */; };
		D544EC6A1652042E000A1090 /* UIImage+RFKit.m in Sources */ = {isa = PBXBuildFile; fileRef = D544EC2D1652042E000A1090 /* UIImage+RFKit.m */; };
		D544EC6B1652042E000A1090 /* UIView+RFKit.m in Sources */ = {isa = PBXBuildFile; fileRef = D544EC2F1652042E000A1090 /* UIView+RFKit.m */; };
		D544EC6C1652042E000A1090 /* UIView+RFKit.m in Sources */ = {isa = PBXBuildFile; fileRef = D544EC2F1652042E000A1090 /* UIView+RFKit.m */; };
		D544EC6D1652042E000A1090 /* UIViewController+RFKit.m in Sources */ = {isa = PBXBuildFile; fileRef = D544EC311652042E000A1090 /* UIViewController+RFKit.m */; };
		D544EC6E1652042E000A1090 /* UIViewController+RFKit.m in Sources */ = {isa = PBXBuildFile; fileRef = D544EC311652042E000A1090 /* UIViewController+RFKit.m */; };
		D544EC731652042E000A1090 /* dout.m in Sources */ = {isa = PBXBuildFile; fileRef = D544EC361652042E000A1090 /* dout.m */; };
		D544EC741652042E000A1090 /* dout.m in Sources */ = {isa = PBXBuildFile; fileRef = D544EC361652042E000A1090 /* dout.m */; };
		D544EC751652042E000A1090 /* UncaughtExceptionHandler.m in Sources */ = {isa = PBXBuildFile; fileRef = D544EC3A1652042E000A1090 /* UncaughtExceptionHandler.m */; };
		D544EC761652042E000A1090 /* UncaughtExceptionHandler.m in Sources */ = {isa = PBXBuildFile; fileRef = D544EC3A1652042E000A1090 /* UncaughtExceptionHandler.m */; };
		D544EC7B1652042E000A1090 /* RFGeometry.m in Sources */ = {isa = PBXBuildFile; fileRef = D544EC3F1652042E000A1090 /* RFGeometry.m */; };
		D544EC7C1652042E000A1090 /* RFGeometry.m in Sources */ = {isa = PBXBuildFile; fileRef = D544EC3F1652042E000A1090 /* RFGeometry.m */; };
		D544EC7D1652042E000A1090 /* RFKit.m in Sources */ = {isa = PBXBuildFile; fileRef = D544EC411652042E000A1090 /* RFKit.m */; };
		D544EC7E1652042E000A1090 /* RFKit.m in Sources */ = {isa = PBXBuildFile; fileRef = D544EC411652042E000A1090 /* RFKit.m */; };
		D544EC7F1652042E000A1090 /* RFPerformance.m in Sources */ = {isa = PBXBuildFile; fileRef = D544EC441652042E000A1090 /* RFPerformance.m */; };
		D544EC801652042E000A1090 /* RFPerformance.m in Sources */ = {isa = PBXBuildFile; fileRef = D544EC441652042E000A1090 /* RFPerformance.m */; };
		D544EC831652042E000A1090 /* RFUI.m in Sources */ = {isa = PBXBuildFile; fileRef = D544EC4A1652042E000A1090 /* RFUI.m */; };
		D544EC841652042E000A1090 /* RFUI.m in Sources */ = {isa = PBXBuildFile; fileRef = D544EC4A1652042E000A1090 /* RFUI.m */; };
		D544ED1D165205DA000A1090 /* RFButton.m in Sources */ = {isa = PBXBuildFile; fileRef = D544ECEC165205DA000A1090 /* RFButton.m */; };
		D544ED1E165205DA000A1090 /* RFButton.m in Sources */ = {isa = PBXBuildFile; fileRef = D544ECEC165205DA000A1090 /* RFButton.m */; };
		D544ED1F165205DA000A1090 /* RFResizableBackgroundImageButton.m in Sources */ = {isa = PBXBuildFile; fileRef = D544ECEE165205DA000A1090 /* RFResizableBackgroundImageButton.m */; };
		D544ED20165205DA000A1090 /* RFResizableBackgroundImageButton.m in Sources */ = {isa = PBXBuildFile; fileRef = D544ECEE165205DA000A1090 /* RFResizableBackgroundImageButton.m */; };
		D544ED21165205DA000A1090 /* RFImageGallery.m in Sources */ = {isa = PBXBuildFile; fileRef = D544ECF1165205DA000A1090 /* RFImageGallery.m */; };
		D544ED22165205DA000A1090 /* RFImageGallery.m in Sources */ = {isa = PBXBuildFile; fileRef = D544ECF1165205DA000A1090 /* RFImageGallery.m */; };
		D544ED23165205DA000A1090 /* RFSidePanel.m in Sources */ = {isa = PBXBuildFile; fileRef = D544ECF4165205DA000A1090 /* RFSidePanel.m */; };
		D544ED24165205DA000A1090 /* RFSidePanel.m in Sources */ = {isa = PBXBuildFile; fileRef = D544ECF4165205DA000A1090 /* RFSidePanel.m */; };
		D544ED25165205DA000A1090 /* RFSidePanel.xib in Resources */ = {isa = PBXBuildFile; fileRef = D544ECF5165205DA000A1090 /* RFSidePanel.xib */; };
		D544ED26165205DA000A1090 /* RFSidePanel.xib in Resources */ = {isa = PBXBuildFile; fileRef = D544ECF5165205DA000A1090 /* RFSidePanel.xib */; };
		D544ED27165205DA000A1090 /* SidePanel-bg.png in Resources */ = {isa = PBXBuildFile; fileRef = D544ECF6165205DA000A1090 /* SidePanel-bg.png */; };
		D544ED28165205DA000A1090 /* SidePanel-bg.png in Resources */ = {isa = PBXBuildFile; fileRef = D544ECF6165205DA000A1090 /* SidePanel-bg.png */; };
		D544ED29165205DA000A1090 /* SidePanel-off.active.png in Resources */ = {isa = PBXBuildFile; fileRef = D544ECF7165205DA000A1090 /* SidePanel-off.active.png */; };
		D544ED2A165205DA000A1090 /* SidePanel-off.active.png in Resources */ = {isa = PBXBuildFile; fileRef = D544ECF7165205DA000A1090 /* SidePanel-off.active.png */; };
		D544ED2B165205DA000A1090 /* SidePanel-off.png in Resources */ = {isa = PBXBuildFile; fileRef = D544ECF8165205DA000A1090 /* SidePanel-off.png */; };
		D544ED2C165205DA000A1090 /* SidePanel-off.png in Resources */ = {isa = PBXBuildFile; fileRef = D544ECF8165205DA000A1090 /* SidePanel-off.png */; };
		D544ED2D165205DA000A1090 /* SidePanel-on.active.png in Resources */ = {isa = PBXBuildFile; fileRef = D544ECF9165205DA000A1090 /* SidePanel-on.active.png */; };
		D544ED2E165205DA000A1090 /* SidePanel-on.active.png in Resources */ = {isa = PBXBuildFile; fileRef = D544ECF9165205DA000A1090 /* SidePanel-on.active.png */; };
		D544ED2F165205DA000A1090 /* SidePanel-on.png in Resources */ = {isa = PBXBuildFile; fileRef = D544ECFA165205DA000A1090 /* SidePanel-on.png */; };
		D544ED30165205DA000A1090 /* SidePanel-on.png in Resources */ = {isa = PBXBuildFile; fileRef = D544ECFA165205DA000A1090 /* SidePanel-on.png */; };
		D544ED31165205DA000A1090 /* RFThemeBundle.m in Sources */ = {isa = PBXBuildFile; fileRef = D544ECFD165205DA000A1090 /* RFThemeBundle.m */; };
		D544ED32165205DA000A1090 /* RFThemeBundle.m in Sources */ = {isa = PBXBuildFile; fileRef = D544ECFD165205DA000A1090 /* RFThemeBundle.m */; };
		D544ED33165205DA000A1090 /* RFWebViewController.m in Sources */ = {isa = PBXBuildFile; fileRef = D544ED01165205DA000A1090 /* RFWebViewController.m */; };
		D544ED34165205DA000A1090 /* RFWebViewController.m in Sources */ = {isa = PBXBuildFile; fileRef = D544ED01165205DA000A1090 /* RFWebViewController.m */; };
		D544ED35165205DA000A1090 /* RFWebViewController.xib in Resources */ = {isa = PBXBuildFile; fileRef = D544ED02165205DA000A1090 /* RFWebViewController.xib */; };
		D544ED36165205DA000A1090 /* RFWebViewController.xib in Resources */ = {isa = PBXBuildFile; fileRef = D544ED02165205DA000A1090 /* RFWebViewController.xib */; };
		D544ED37165205DA000A1090 /* RFWebViewController_blank.html in Resources */ = {isa = PBXBuildFile; fileRef = D544ED03165205DA000A1090 /* RFWebViewController_blank.html */; };
		D544ED38165205DA000A1090 /* RFWebViewController_blank.html in Resources */ = {isa = PBXBuildFile; fileRef = D544ED03165205DA000A1090 /* RFWebViewController_blank.html */; };
		D544ED39165205DA000A1090 /* RFWebViewController_loadFail.html in Resources */ = {isa = PBXBuildFile; fileRef = D544ED04165205DA000A1090 /* RFWebViewController_loadFail.html */; };
		D544ED3A165205DA000A1090 /* RFWebViewController_loadFail.html in Resources */ = {isa = PBXBuildFile; fileRef = D544ED04165205DA000A1090 /* RFWebViewController_loadFail.html */; };
		D544ED3B165205DA000A1090 /* RFFetchedResultsTableView.m in Sources */ = {isa = PBXBuildFile; fileRef = D544ED07165205DA000A1090 /* RFFetchedResultsTableView.m */; };
		D544ED3C165205DA000A1090 /* RFFetchedResultsTableView.m in Sources */ = {isa = PBXBuildFile; fileRef = D544ED07165205DA000A1090 /* RFFetchedResultsTableView.m */; };
		D544ED3D165205DA000A1090 /* RFFetchedResultsTableViewController.m in Sources */ = {isa = PBXBuildFile; fileRef = D544ED09165205DA000A1090 /* RFFetchedResultsTableViewController.m */; };
		D544ED3E165205DA000A1090 /* RFFetchedResultsTableViewController.m in Sources */ = {isa = PBXBuildFile; fileRef = D544ED09165205DA000A1090 /* RFFetchedResultsTableViewController.m */; };
		D544ED3F165205DA000A1090 /* RFImageTimeTunnel.m in Sources */ = {isa = PBXBuildFile; fileRef = D544ED0C165205DA000A1090 /* RFImageTimeTunnel.m */; };
		D544ED40165205DA000A1090 /* RFImageTimeTunnel.m in Sources */ = {isa = PBXBuildFile; fileRef = D544ED0C165205DA000A1090 /* RFImageTimeTunnel.m */; };
		D544ED41165205DA000A1090 /* RFImageTimeTunnel.xib in Resources */ = {isa = PBXBuildFile; fileRef = D544ED0D165205DA000A1090 /* RFImageTimeTunnel.xib */; };
		D544ED42165205DA000A1090 /* RFImageTimeTunnel.xib in Resources */ = {isa = PBXBuildFile; fileRef = D544ED0D165205DA000A1090 /* RFImageTimeTunnel.xib */; };
		D544ED43165205DA000A1090 /* RFModalView.m in Sources */ = {isa = PBXBuildFile; fileRef = D544ED10165205DA000A1090 /* RFModalView.m */; };
		D544ED44165205DA000A1090 /* RFModalView.m in Sources */ = {isa = PBXBuildFile; fileRef = D544ED10165205DA000A1090 /* RFModalView.m */; };
		D544ED45165205DA000A1090 /* RFSlideNavigationController.m in Sources */ = {isa = PBXBuildFile; fileRef = D544ED13165205DA000A1090 /* RFSlideNavigationController.m */; };
		D544ED46165205DA000A1090 /* RFSlideNavigationController.m in Sources */ = {isa = PBXBuildFile; fileRef = D544ED13165205DA000A1090 /* RFSlideNavigationController.m */; };
		D544ED47165205DA000A1090 /* RFStatusBarNotificationWindow.m in Sources */ = {isa = PBXBuildFile; fileRef = D544ED16165205DA000A1090 /* RFStatusBarNotificationWindow.m */; };
		D544ED48165205DA000A1090 /* RFStatusBarNotificationWindow.m in Sources */ = {isa = PBXBuildFile; fileRef = D544ED16165205DA000A1090 /* RFStatusBarNotificationWindow.m */; };
		D544ED49165205DA000A1090 /* RFStatusBarNotificationWindow.xib in Resources */ = {isa = PBXBuildFile; fileRef = D544ED17165205DA000A1090 /* RFStatusBarNotificationWindow.xib */; };
		D544ED4A165205DA000A1090 /* RFStatusBarNotificationWindow.xib in Resources */ = {isa = PBXBuildFile; fileRef = D544ED17165205DA000A1090 /* RFStatusBarNotificationWindow.xib */; };
		D544ED4B165205DA000A1090 /* RFCheckmarkSelectedTableViewCell.m in Sources */ = {isa = PBXBuildFile; fileRef = D544ED1A165205DA000A1090 /* RFCheckmarkSelectedTableViewCell.m */; };
		D544ED4C165205DA000A1090 /* RFCheckmarkSelectedTableViewCell.m in Sources */ = {isa = PBXBuildFile; fileRef = D544ED1A165205DA000A1090 /* RFCheckmarkSelectedTableViewCell.m */; };
		D544ED4D165205DA000A1090 /* RFTableViewCell.m in Sources */ = {isa = PBXBuildFile; fileRef = D544ED1C165205DA000A1090 /* RFTableViewCell.m */; };
		D544ED4E165205DA000A1090 /* RFTableViewCell.m in Sources */ = {isa = PBXBuildFile; fileRef = D544ED1C165205DA000A1090 /* RFTableViewCell.m */; };
		D57634521622F36E00FCE9FB /* main~iPad.storyboard in Resources */ = {isa = PBXBuildFile; fileRef = D57634511622F36E00FCE9FB /* main~iPad.storyboard */; };
		D57634551622F3F200FCE9FB /* main~iPhone.storyboard in Resources */ = {isa = PBXBuildFile; fileRef = D57634541622F3F200FCE9FB /* main~iPhone.storyboard */; };
		D57634571622FC6600FCE9FB /* CoreData.framework in Frameworks */ = {isa = PBXBuildFile; fileRef = D57634561622FC6600FCE9FB /* CoreData.framework */; };
		D57634591622FC7100FCE9FB /* QuartzCore.framework in Frameworks */ = {isa = PBXBuildFile; fileRef = D57634581622FC7100FCE9FB /* QuartzCore.framework */; };
		D576346B1622FDD000FCE9FB /* CoreData.framework in Frameworks */ = {isa = PBXBuildFile; fileRef = D57634561622FC6600FCE9FB /* CoreData.framework */; };
		D576346E1622FE4B00FCE9FB /* QuartzCore.framework in Frameworks */ = {isa = PBXBuildFile; fileRef = D57634581622FC7100FCE9FB /* QuartzCore.framework */; };
		D576346F1622FE4E00FCE9FB /* CoreGraphics.framework in Frameworks */ = {isa = PBXBuildFile; fileRef = D51CC8841622EE3B00BE1083 /* CoreGraphics.framework */; };
		D576347C1623002600FCE9FB /* Icon@2x.png in Resources */ = {isa = PBXBuildFile; fileRef = D57634741623002600FCE9FB /* Icon@2x.png */; };
		D576347D1623002600FCE9FB /* Icon.png in Resources */ = {isa = PBXBuildFile; fileRef = D57634751623002600FCE9FB /* Icon.png */; };
		D576347E1623002600FCE9FB /* Icon-Small@2x.png in Resources */ = {isa = PBXBuildFile; fileRef = D57634761623002600FCE9FB /* Icon-Small@2x.png */; };
		D576347F1623002600FCE9FB /* Icon-Small.png in Resources */ = {isa = PBXBuildFile; fileRef = D57634771623002600FCE9FB /* Icon-Small.png */; };
		D57634801623002600FCE9FB /* Icon-Small-50@2x.png in Resources */ = {isa = PBXBuildFile; fileRef = D57634781623002600FCE9FB /* Icon-Small-50@2x.png */; };
		D57634811623002600FCE9FB /* Icon-Small-50.png in Resources */ = {isa = PBXBuildFile; fileRef = D57634791623002600FCE9FB /* Icon-Small-50.png */; };
		D57634821623002600FCE9FB /* Icon-72@2x.png in Resources */ = {isa = PBXBuildFile; fileRef = D576347A1623002600FCE9FB /* Icon-72@2x.png */; };
		D57634831623002600FCE9FB /* Icon-72.png in Resources */ = {isa = PBXBuildFile; fileRef = D576347B1623002600FCE9FB /* Icon-72.png */; };
		D5763488162300B600FCE9FB /* Default-568h@2x.png in Resources */ = {isa = PBXBuildFile; fileRef = D5763485162300B600FCE9FB /* Default-568h@2x.png */; };
		D5763489162300B600FCE9FB /* Default.png in Resources */ = {isa = PBXBuildFile; fileRef = D5763486162300B600FCE9FB /* Default.png */; };
		D576348A162300B600FCE9FB /* Default@2x.png in Resources */ = {isa = PBXBuildFile; fileRef = D5763487162300B600FCE9FB /* Default@2x.png */; };
		D5763497162301AE00FCE9FB /* Default-Portrait~ipad.png in Resources */ = {isa = PBXBuildFile; fileRef = D5763493162301AE00FCE9FB /* Default-Portrait~ipad.png */; };
		D5763498162301AE00FCE9FB /* Default-Portrait@2x~ipad.png in Resources */ = {isa = PBXBuildFile; fileRef = D5763494162301AE00FCE9FB /* Default-Portrait@2x~ipad.png */; };
		D5763499162301AE00FCE9FB /* Default-Landscape~ipad.png in Resources */ = {isa = PBXBuildFile; fileRef = D5763495162301AE00FCE9FB /* Default-Landscape~ipad.png */; };
		D576349A162301AE00FCE9FB /* Default-Landscape@2x~ipad.png in Resources */ = {isa = PBXBuildFile; fileRef = D5763496162301AE00FCE9FB /* Default-Landscape@2x~ipad.png */; };
		D57634C01623083400FCE9FB /* AFHTTPClient.m in Sources */ = {isa = PBXBuildFile; fileRef = D57634A51623083400FCE9FB /* AFHTTPClient.m */; };
		D57634C11623083400FCE9FB /* AFHTTPRequestOperation.m in Sources */ = {isa = PBXBuildFile; fileRef = D57634A71623083400FCE9FB /* AFHTTPRequestOperation.m */; };
		D57634C21623083400FCE9FB /* AFImageRequestOperation.m in Sources */ = {isa = PBXBuildFile; fileRef = D57634A91623083400FCE9FB /* AFImageRequestOperation.m */; };
		D57634C31623083400FCE9FB /* AFJSONRequestOperation.m in Sources */ = {isa = PBXBuildFile; fileRef = D57634AB1623083400FCE9FB /* AFJSONRequestOperation.m */; };
		D57634C41623083400FCE9FB /* AFNetworkActivityIndicatorManager.m in Sources */ = {isa = PBXBuildFile; fileRef = D57634AD1623083400FCE9FB /* AFNetworkActivityIndicatorManager.m */; };
		D57634C51623083400FCE9FB /* AFPropertyListRequestOperation.m in Sources */ = {isa = PBXBuildFile; fileRef = D57634B01623083400FCE9FB /* AFPropertyListRequestOperation.m */; };
		D57634C61623083400FCE9FB /* AFURLConnectionOperation.m in Sources */ = {isa = PBXBuildFile; fileRef = D57634B21623083400FCE9FB /* AFURLConnectionOperation.m */; };
		D57634C71623083400FCE9FB /* AFXMLRequestOperation.m in Sources */ = {isa = PBXBuildFile; fileRef = D57634B41623083400FCE9FB /* AFXMLRequestOperation.m */; };
		D57634C91623083400FCE9FB /* AFHTTPRequestOperationLogger.m in Sources */ = {isa = PBXBuildFile; fileRef = D57634B91623083400FCE9FB /* AFHTTPRequestOperationLogger.m */; settings = {COMPILER_FLAGS = "-fno-objc-arc"; }; };
		D57634CE1623083400FCE9FB /* UIImageView+AFNetworking.m in Sources */ = {isa = PBXBuildFile; fileRef = D57634BF1623083400FCE9FB /* UIImageView+AFNetworking.m */; };
		D576357D1623096E00FCE9FB /* RFNavigationPushSegue.m in Sources */ = {isa = PBXBuildFile; fileRef = D57635281623096E00FCE9FB /* RFNavigationPushSegue.m */; };
		D576357E1623096E00FCE9FB /* RFNavigationPushSegue.m in Sources */ = {isa = PBXBuildFile; fileRef = D57635281623096E00FCE9FB /* RFNavigationPushSegue.m */; };
		D576357F1623096E00FCE9FB /* RFSegue.m in Sources */ = {isa = PBXBuildFile; fileRef = D576352A1623096E00FCE9FB /* RFSegue.m */; };
		D57635801623096E00FCE9FB /* RFSegue.m in Sources */ = {isa = PBXBuildFile; fileRef = D576352A1623096E00FCE9FB /* RFSegue.m */; };
		D57635DE1623B92F00FCE9FB /* SystemConfiguration.framework in Frameworks */ = {isa = PBXBuildFile; fileRef = D57635DD1623B92F00FCE9FB /* SystemConfiguration.framework */; };
		D57635E01623B93600FCE9FB /* MobileCoreServices.framework in Frameworks */ = {isa = PBXBuildFile; fileRef = D57635DF1623B93600FCE9FB /* MobileCoreServices.framework */; };
		D57635E11623B95F00FCE9FB /* MobileCoreServices.framework in Frameworks */ = {isa = PBXBuildFile; fileRef = D57635DF1623B93600FCE9FB /* MobileCoreServices.framework */; };
		D57635E21623B95F00FCE9FB /* SystemConfiguration.framework in Frameworks */ = {isa = PBXBuildFile; fileRef = D57635DD1623B92F00FCE9FB /* SystemConfiguration.framework */; };
		D5F2EA8A169D616C0067E7D3 /* en.lproj in Resources */ = {isa = PBXBuildFile; fileRef = D5F2EA88169D616C0067E7D3 /* en.lproj */; };
		D5F2EA8B169D616C0067E7D3 /* zh-Hans.lproj in Resources */ = {isa = PBXBuildFile; fileRef = D5F2EA89169D616C0067E7D3 /* zh-Hans.lproj */; };
/* End PBXBuildFile section */

/* Begin PBXContainerItemProxy section */
		D51CC8AB1622EE3B00BE1083 /* PBXContainerItemProxy */ = {
			isa = PBXContainerItemProxy;
			containerPortal = D51CC8731622EE3B00BE1083 /* Project object */;
			proxyType = 1;
			remoteGlobalIDString = D51CC87B1622EE3B00BE1083;
			remoteInfo = App;
		};
/* End PBXContainerItemProxy section */

/* Begin PBXFileReference section */
		D51CC87C1622EE3B00BE1083 /* App.app */ = {isa = PBXFileReference; explicitFileType = wrapper.application; includeInIndex = 0; path = App.app; sourceTree = BUILT_PRODUCTS_DIR; };
		D51CC8801622EE3B00BE1083 /* UIKit.framework */ = {isa = PBXFileReference; lastKnownFileType = wrapper.framework; name = UIKit.framework; path = System/Library/Frameworks/UIKit.framework; sourceTree = SDKROOT; };
		D51CC8821622EE3B00BE1083 /* Foundation.framework */ = {isa = PBXFileReference; lastKnownFileType = wrapper.framework; name = Foundation.framework; path = System/Library/Frameworks/Foundation.framework; sourceTree = SDKROOT; };
		D51CC8841622EE3B00BE1083 /* CoreGraphics.framework */ = {isa = PBXFileReference; lastKnownFileType = wrapper.framework; name = CoreGraphics.framework; path = System/Library/Frameworks/CoreGraphics.framework; sourceTree = SDKROOT; };
		D51CC8881622EE3B00BE1083 /* Info.plist */ = {isa = PBXFileReference; lastKnownFileType = text.plist.xml; path = Info.plist; sourceTree = "<group>"; };
		D51CC88C1622EE3B00BE1083 /* main.m */ = {isa = PBXFileReference; lastKnownFileType = sourcecode.c.objc; path = main.m; sourceTree = "<group>"; };
		D51CC88E1622EE3B00BE1083 /* Prefix.pch */ = {isa = PBXFileReference; lastKnownFileType = sourcecode.c.h; path = Prefix.pch; sourceTree = "<group>"; };
		D51CC88F1622EE3B00BE1083 /* AppDelegate.h */ = {isa = PBXFileReference; lastKnownFileType = sourcecode.c.h; path = AppDelegate.h; sourceTree = "<group>"; };
		D51CC8901622EE3B00BE1083 /* AppDelegate.m */ = {isa = PBXFileReference; lastKnownFileType = sourcecode.c.objc; path = AppDelegate.m; sourceTree = "<group>"; };
		D51CC89E1622EE3B00BE1083 /* ViewController.h */ = {isa = PBXFileReference; lastKnownFileType = sourcecode.c.h; path = ViewController.h; sourceTree = "<group>"; };
		D51CC89F1622EE3B00BE1083 /* ViewController.m */ = {isa = PBXFileReference; lastKnownFileType = sourcecode.c.objc; path = ViewController.m; sourceTree = "<group>"; };
		D51CC8A61622EE3B00BE1083 /* AppTests.octest */ = {isa = PBXFileReference; explicitFileType = wrapper.cfbundle; includeInIndex = 0; path = AppTests.octest; sourceTree = BUILT_PRODUCTS_DIR; };
		D51CC8A71622EE3B00BE1083 /* SenTestingKit.framework */ = {isa = PBXFileReference; lastKnownFileType = wrapper.framework; name = SenTestingKit.framework; path = Library/Frameworks/SenTestingKit.framework; sourceTree = DEVELOPER_DIR; };
		D51CC8AF1622EE3B00BE1083 /* AppTests-Info.plist */ = {isa = PBXFileReference; lastKnownFileType = text.plist.xml; path = "AppTests-Info.plist"; sourceTree = "<group>"; };
		D51CC8B31622EE3B00BE1083 /* AppTests.h */ = {isa = PBXFileReference; lastKnownFileType = sourcecode.c.h; path = AppTests.h; sourceTree = "<group>"; };
		D51CC8B41622EE3B00BE1083 /* AppTests.m */ = {isa = PBXFileReference; lastKnownFileType = sourcecode.c.objc; path = AppTests.m; sourceTree = "<group>"; };
		D526B2F016381830003087FF /* ExampleEntity.h */ = {isa = PBXFileReference; fileEncoding = 4; lastKnownFileType = sourcecode.c.h; name = ExampleEntity.h; path = "Core Data/ExampleEntity.h"; sourceTree = "<group>"; };
		D526B2F116381830003087FF /* ExampleEntity.m */ = {isa = PBXFileReference; fileEncoding = 4; lastKnownFileType = sourcecode.c.objc; name = ExampleEntity.m; path = "Core Data/ExampleEntity.m"; sourceTree = "<group>"; };
		D526B2F916381888003087FF /* main.xcdatamodel */ = {isa = PBXFileReference; lastKnownFileType = wrapper.xcdatamodel; path = main.xcdatamodel; sourceTree = "<group>"; };
		D526B2FC163818B3003087FF /* ExampleEntity+Cache.h */ = {isa = PBXFileReference; fileEncoding = 4; lastKnownFileType = sourcecode.c.h; name = "ExampleEntity+Cache.h"; path = "Core Data/ExampleEntity+Cache.h"; sourceTree = "<group>"; };
		D526B2FD163818B4003087FF /* ExampleEntity+Cache.m */ = {isa = PBXFileReference; fileEncoding = 4; lastKnownFileType = sourcecode.c.objc; name = "ExampleEntity+Cache.m"; path = "Core Data/ExampleEntity+Cache.m"; sourceTree = "<group>"; };
		D544EC0B1652042E000A1090 /* Readme.md */ = {isa = PBXFileReference; fileEncoding = 4; lastKnownFileType = text; path = Readme.md; sourceTree = "<group>"; };
		D544EC0F1652042E000A1090 /* NSArray+RFKit.h */ = {isa = PBXFileReference; fileEncoding = 4; lastKnownFileType = sourcecode.c.h; path = "NSArray+RFKit.h"; sourceTree = "<group>"; };
		D544EC101652042E000A1090 /* NSArray+RFKit.m */ = {isa = PBXFileReference; fileEncoding = 4; lastKnownFileType = sourcecode.c.objc; path = "NSArray+RFKit.m"; sourceTree = "<group>"; };
		D544EC111652042E000A1090 /* NSBundle+RFKit.h */ = {isa = PBXFileReference; fileEncoding = 4; lastKnownFileType = sourcecode.c.h; path = "NSBundle+RFKit.h"; sourceTree = "<group>"; };
		D544EC121652042E000A1090 /* NSBundle+RFKit.m */ = {isa = PBXFileReference; fileEncoding = 4; lastKnownFileType = sourcecode.c.objc; path = "NSBundle+RFKit.m"; sourceTree = "<group>"; };
		D544EC131652042E000A1090 /* NSDate+RFKit.h */ = {isa = PBXFileReference; fileEncoding = 4; lastKnownFileType = sourcecode.c.h; path = "NSDate+RFKit.h"; sourceTree = "<group>"; };
		D544EC141652042E000A1090 /* NSDate+RFKit.m */ = {isa = PBXFileReference; fileEncoding = 4; lastKnownFileType = sourcecode.c.objc; path = "NSDate+RFKit.m"; sourceTree = "<group>"; };
		D544EC151652042E000A1090 /* NSDateFormatter+RFKit.h */ = {isa = PBXFileReference; fileEncoding = 4; lastKnownFileType = sourcecode.c.h; path = "NSDateFormatter+RFKit.h"; sourceTree = "<group>"; };
		D544EC161652042E000A1090 /* NSDateFormatter+RFKit.m */ = {isa = PBXFileReference; fileEncoding = 4; lastKnownFileType = sourcecode.c.objc; path = "NSDateFormatter+RFKit.m"; sourceTree = "<group>"; };
		D544EC171652042E000A1090 /* NSDictionary+RFKit.h */ = {isa = PBXFileReference; fileEncoding = 4; lastKnownFileType = sourcecode.c.h; path = "NSDictionary+RFKit.h"; sourceTree = "<group>"; };
		D544EC181652042E000A1090 /* NSDictionary+RFKit.m */ = {isa = PBXFileReference; fileEncoding = 4; lastKnownFileType = sourcecode.c.objc; path = "NSDictionary+RFKit.m"; sourceTree = "<group>"; };
		D544EC191652042E000A1090 /* NSFileManager+RFKit.h */ = {isa = PBXFileReference; fileEncoding = 4; lastKnownFileType = sourcecode.c.h; path = "NSFileManager+RFKit.h"; sourceTree = "<group>"; };
		D544EC1A1652042E000A1090 /* NSFileManager+RFKit.m */ = {isa = PBXFileReference; fileEncoding = 4; lastKnownFileType = sourcecode.c.objc; path = "NSFileManager+RFKit.m"; sourceTree = "<group>"; };
		D544EC1B1652042E000A1090 /* NSNumberFormatter+RFKit.h */ = {isa = PBXFileReference; fileEncoding = 4; lastKnownFileType = sourcecode.c.h; path = "NSNumberFormatter+RFKit.h"; sourceTree = "<group>"; };
		D544EC1C1652042E000A1090 /* NSNumberFormatter+RFKit.m */ = {isa = PBXFileReference; fileEncoding = 4; lastKnownFileType = sourcecode.c.objc; path = "NSNumberFormatter+RFKit.m"; sourceTree = "<group>"; };
		D544EC1D1652042E000A1090 /* NSObject+RFKit.h */ = {isa = PBXFileReference; fileEncoding = 4; lastKnownFileType = sourcecode.c.h; path = "NSObject+RFKit.h"; sourceTree = "<group>"; };
		D544EC1E1652042E000A1090 /* NSObject+RFKit.m */ = {isa = PBXFileReference; fileEncoding = 4; lastKnownFileType = sourcecode.c.objc; path = "NSObject+RFKit.m"; sourceTree = "<group>"; };
		D544EC1F1652042E000A1090 /* NSString+RFKit.h */ = {isa = PBXFileReference; fileEncoding = 4; lastKnownFileType = sourcecode.c.h; path = "NSString+RFKit.h"; sourceTree = "<group>"; };
		D544EC201652042E000A1090 /* NSString+RFKit.m */ = {isa = PBXFileReference; fileEncoding = 4; lastKnownFileType = sourcecode.c.objc; path = "NSString+RFKit.m"; sourceTree = "<group>"; };
		D544EC211652042E000A1090 /* NSURL+RFKit.h */ = {isa = PBXFileReference; fileEncoding = 4; lastKnownFileType = sourcecode.c.h; path = "NSURL+RFKit.h"; sourceTree = "<group>"; };
		D544EC221652042E000A1090 /* NSURL+RFKit.m */ = {isa = PBXFileReference; fileEncoding = 4; lastKnownFileType = sourcecode.c.objc; path = "NSURL+RFKit.m"; sourceTree = "<group>"; };
		D544EC241652042E000A1090 /* UIAlertView+RFKit.h */ = {isa = PBXFileReference; fileEncoding = 4; lastKnownFileType = sourcecode.c.h; path = "UIAlertView+RFKit.h"; sourceTree = "<group>"; };
		D544EC251652042E000A1090 /* UIAlertView+RFKit.m */ = {isa = PBXFileReference; fileEncoding = 4; lastKnownFileType = sourcecode.c.objc; path = "UIAlertView+RFKit.m"; sourceTree = "<group>"; };
		D544EC261652042E000A1090 /* UIButton+RFKit.h */ = {isa = PBXFileReference; fileEncoding = 4; lastKnownFileType = sourcecode.c.h; path = "UIButton+RFKit.h"; sourceTree = "<group>"; };
		D544EC271652042E000A1090 /* UIButton+RFKit.m */ = {isa = PBXFileReference; fileEncoding = 4; lastKnownFileType = sourcecode.c.objc; path = "UIButton+RFKit.m"; sourceTree = "<group>"; };
		D544EC281652042E000A1090 /* UIColor+RFKit.h */ = {isa = PBXFileReference; fileEncoding = 4; lastKnownFileType = sourcecode.c.h; path = "UIColor+RFKit.h"; sourceTree = "<group>"; };
		D544EC291652042E000A1090 /* UIColor+RFKit.m */ = {isa = PBXFileReference; fileEncoding = 4; lastKnownFileType = sourcecode.c.objc; path = "UIColor+RFKit.m"; sourceTree = "<group>"; };
		D544EC2A1652042E000A1090 /* UIDevice+RFKit.h */ = {isa = PBXFileReference; fileEncoding = 4; lastKnownFileType = sourcecode.c.h; path = "UIDevice+RFKit.h"; sourceTree = "<group>"; };
		D544EC2B1652042E000A1090 /* UIDevice+RFKit.m */ = {isa = PBXFileReference; fileEncoding = 4; lastKnownFileType = sourcecode.c.objc; path = "UIDevice+RFKit.m"; sourceTree = "<group>"; };
		D544EC2C1652042E000A1090 /* UIImage+RFKit.h */ = {isa = PBXFileReference; fileEncoding = 4; lastKnownFileType = sourcecode.c.h; path = "UIImage+RFKit.h"; sourceTree = "<group>"; };
		D544EC2D1652042E000A1090 /* UIImage+RFKit.m */ = {isa = PBXFileReference; fileEncoding = 4; lastKnownFileType = sourcecode.c.objc; path = "UIImage+RFKit.m"; sourceTree = "<group>"; };
		D544EC2E1652042E000A1090 /* UIView+RFKit.h */ = {isa = PBXFileReference; fileEncoding = 4; lastKnownFileType = sourcecode.c.h; path = "UIView+RFKit.h"; sourceTree = "<group>"; };
		D544EC2F1652042E000A1090 /* UIView+RFKit.m */ = {isa = PBXFileReference; fileEncoding = 4; lastKnownFileType = sourcecode.c.objc; path = "UIView+RFKit.m"; sourceTree = "<group>"; };
		D544EC301652042E000A1090 /* UIViewController+RFKit.h */ = {isa = PBXFileReference; fileEncoding = 4; lastKnownFileType = sourcecode.c.h; path = "UIViewController+RFKit.h"; sourceTree = "<group>"; };
		D544EC311652042E000A1090 /* UIViewController+RFKit.m */ = {isa = PBXFileReference; fileEncoding = 4; lastKnownFileType = sourcecode.c.objc; path = "UIViewController+RFKit.m"; sourceTree = "<group>"; };
		D544EC321652042E000A1090 /* ChangeLog.md */ = {isa = PBXFileReference; fileEncoding = 4; lastKnownFileType = text; path = ChangeLog.md; sourceTree = "<group>"; };
		D544EC341652042E000A1090 /* dout.md */ = {isa = PBXFileReference; fileEncoding = 4; lastKnownFileType = text; path = dout.md; sourceTree = "<group>"; };
		D544EC351652042E000A1090 /* dout.h */ = {isa = PBXFileReference; fileEncoding = 4; lastKnownFileType = sourcecode.c.h; path = dout.h; sourceTree = "<group>"; };
		D544EC361652042E000A1090 /* dout.m */ = {isa = PBXFileReference; fileEncoding = 4; lastKnownFileType = sourcecode.c.objc; path = dout.m; sourceTree = "<group>"; };
		D544EC391652042E000A1090 /* UncaughtExceptionHandler.h */ = {isa = PBXFileReference; fileEncoding = 4; lastKnownFileType = sourcecode.c.h; path = UncaughtExceptionHandler.h; sourceTree = "<group>"; };
		D544EC3A1652042E000A1090 /* UncaughtExceptionHandler.m */ = {isa = PBXFileReference; fileEncoding = 4; lastKnownFileType = sourcecode.c.objc; path = UncaughtExceptionHandler.m; sourceTree = "<group>"; };
		D544EC3C1652042E000A1090 /* README.md */ = {isa = PBXFileReference; fileEncoding = 4; lastKnownFileType = text; path = README.md; sourceTree = "<group>"; };
		D544EC3D1652042E000A1090 /* RFARC.h */ = {isa = PBXFileReference; fileEncoding = 4; lastKnownFileType = sourcecode.c.h; path = RFARC.h; sourceTree = "<group>"; };
		D544EC3E1652042E000A1090 /* RFGeometry.h */ = {isa = PBXFileReference; fileEncoding = 4; lastKnownFileType = sourcecode.c.h; path = RFGeometry.h; sourceTree = "<group>"; };
		D544EC3F1652042E000A1090 /* RFGeometry.m */ = {isa = PBXFileReference; fileEncoding = 4; lastKnownFileType = sourcecode.c.objc; path = RFGeometry.m; sourceTree = "<group>"; };
		D544EC401652042E000A1090 /* RFKit.h */ = {isa = PBXFileReference; fileEncoding = 4; lastKnownFileType = sourcecode.c.h; path = RFKit.h; sourceTree = "<group>"; };
		D544EC411652042E000A1090 /* RFKit.m */ = {isa = PBXFileReference; fileEncoding = 4; lastKnownFileType = sourcecode.c.objc; path = RFKit.m; sourceTree = "<group>"; };
		D544EC421652042E000A1090 /* RFKitDefaultCategories.h */ = {isa = PBXFileReference; fileEncoding = 4; lastKnownFileType = sourcecode.c.h; path = RFKitDefaultCategories.h; sourceTree = "<group>"; };
		D544EC431652042E000A1090 /* RFPerformance.h */ = {isa = PBXFileReference; fileEncoding = 4; lastKnownFileType = sourcecode.c.h; path = RFPerformance.h; sourceTree = "<group>"; };
		D544EC441652042E000A1090 /* RFPerformance.m */ = {isa = PBXFileReference; fileEncoding = 4; lastKnownFileType = sourcecode.c.objc; path = RFPerformance.m; sourceTree = "<group>"; };
		D544EC451652042E000A1090 /* RFRuntime.h */ = {isa = PBXFileReference; fileEncoding = 4; lastKnownFileType = sourcecode.c.h; path = RFRuntime.h; sourceTree = "<group>"; };
		D544EC461652042E000A1090 /* RFUI.h */ = {isa = PBXFileReference; fileEncoding = 4; lastKnownFileType = sourcecode.c.h; path = RFUI.h; sourceTree = "<group>"; };
		D544EC471652042E000A1090 /* RFUIDebug.h */ = {isa = PBXFileReference; fileEncoding = 4; lastKnownFileType = sourcecode.c.h; path = RFUIDebug.h; sourceTree = "<group>"; };
		D544EC481652042E000A1090 /* RFUIInterfaceOrientationSupport.h */ = {isa = PBXFileReference; fileEncoding = 4; lastKnownFileType = sourcecode.c.h; path = RFUIInterfaceOrientationSupport.h; sourceTree = "<group>"; };
		D544EC4A1652042E000A1090 /* RFUI.m */ = {isa = PBXFileReference; fileEncoding = 4; lastKnownFileType = sourcecode.c.objc; path = RFUI.m; sourceTree = "<group>"; };
		D544ECEB165205DA000A1090 /* RFButton.h */ = {isa = PBXFileReference; fileEncoding = 4; lastKnownFileType = sourcecode.c.h; path = RFButton.h; sourceTree = "<group>"; };
		D544ECEC165205DA000A1090 /* RFButton.m */ = {isa = PBXFileReference; fileEncoding = 4; lastKnownFileType = sourcecode.c.objc; path = RFButton.m; sourceTree = "<group>"; };
		D544ECED165205DA000A1090 /* RFResizableBackgroundImageButton.h */ = {isa = PBXFileReference; fileEncoding = 4; lastKnownFileType = sourcecode.c.h; path = RFResizableBackgroundImageButton.h; sourceTree = "<group>"; };
		D544ECEE165205DA000A1090 /* RFResizableBackgroundImageButton.m */ = {isa = PBXFileReference; fileEncoding = 4; lastKnownFileType = sourcecode.c.objc; path = RFResizableBackgroundImageButton.m; sourceTree = "<group>"; };
		D544ECF0165205DA000A1090 /* RFImageGallery.h */ = {isa = PBXFileReference; fileEncoding = 4; lastKnownFileType = sourcecode.c.h; path = RFImageGallery.h; sourceTree = "<group>"; };
		D544ECF1165205DA000A1090 /* RFImageGallery.m */ = {isa = PBXFileReference; fileEncoding = 4; lastKnownFileType = sourcecode.c.objc; path = RFImageGallery.m; sourceTree = "<group>"; };
		D544ECF3165205DA000A1090 /* RFSidePanel.h */ = {isa = PBXFileReference; fileEncoding = 4; lastKnownFileType = sourcecode.c.h; path = RFSidePanel.h; sourceTree = "<group>"; };
		D544ECF4165205DA000A1090 /* RFSidePanel.m */ = {isa = PBXFileReference; fileEncoding = 4; lastKnownFileType = sourcecode.c.objc; path = RFSidePanel.m; sourceTree = "<group>"; };
		D544ECF5165205DA000A1090 /* RFSidePanel.xib */ = {isa = PBXFileReference; fileEncoding = 4; lastKnownFileType = file.xib; path = RFSidePanel.xib; sourceTree = "<group>"; };
		D544ECF6165205DA000A1090 /* SidePanel-bg.png */ = {isa = PBXFileReference; lastKnownFileType = image.png; path = "SidePanel-bg.png"; sourceTree = "<group>"; };
		D544ECF7165205DA000A1090 /* SidePanel-off.active.png */ = {isa = PBXFileReference; lastKnownFileType = image.png; path = "SidePanel-off.active.png"; sourceTree = "<group>"; };
		D544ECF8165205DA000A1090 /* SidePanel-off.png */ = {isa = PBXFileReference; lastKnownFileType = image.png; path = "SidePanel-off.png"; sourceTree = "<group>"; };
		D544ECF9165205DA000A1090 /* SidePanel-on.active.png */ = {isa = PBXFileReference; lastKnownFileType = image.png; path = "SidePanel-on.active.png"; sourceTree = "<group>"; };
		D544ECFA165205DA000A1090 /* SidePanel-on.png */ = {isa = PBXFileReference; lastKnownFileType = image.png; path = "SidePanel-on.png"; sourceTree = "<group>"; };
		D544ECFC165205DA000A1090 /* RFThemeBundle.h */ = {isa = PBXFileReference; fileEncoding = 4; lastKnownFileType = sourcecode.c.h; path = RFThemeBundle.h; sourceTree = "<group>"; };
		D544ECFD165205DA000A1090 /* RFThemeBundle.m */ = {isa = PBXFileReference; fileEncoding = 4; lastKnownFileType = sourcecode.c.objc; path = RFThemeBundle.m; sourceTree = "<group>"; };
		D544ECFE165205DA000A1090 /* RFUIThemeDelegate.h */ = {isa = PBXFileReference; fileEncoding = 4; lastKnownFileType = sourcecode.c.h; path = RFUIThemeDelegate.h; sourceTree = "<group>"; };
		D544ED00165205DA000A1090 /* RFWebViewController.h */ = {isa = PBXFileReference; fileEncoding = 4; lastKnownFileType = sourcecode.c.h; path = RFWebViewController.h; sourceTree = "<group>"; };
		D544ED01165205DA000A1090 /* RFWebViewController.m */ = {isa = PBXFileReference; fileEncoding = 4; lastKnownFileType = sourcecode.c.objc; path = RFWebViewController.m; sourceTree = "<group>"; };
		D544ED02165205DA000A1090 /* RFWebViewController.xib */ = {isa = PBXFileReference; fileEncoding = 4; lastKnownFileType = file.xib; path = RFWebViewController.xib; sourceTree = "<group>"; };
		D544ED03165205DA000A1090 /* RFWebViewController_blank.html */ = {isa = PBXFileReference; fileEncoding = 4; lastKnownFileType = text.html; path = RFWebViewController_blank.html; sourceTree = "<group>"; };
		D544ED04165205DA000A1090 /* RFWebViewController_loadFail.html */ = {isa = PBXFileReference; fileEncoding = 4; lastKnownFileType = text.html; path = RFWebViewController_loadFail.html; sourceTree = "<group>"; };
		D544ED06165205DA000A1090 /* RFFetchedResultsTableView.h */ = {isa = PBXFileReference; fileEncoding = 4; lastKnownFileType = sourcecode.c.h; path = RFFetchedResultsTableView.h; sourceTree = "<group>"; };
		D544ED07165205DA000A1090 /* RFFetchedResultsTableView.m */ = {isa = PBXFileReference; fileEncoding = 4; lastKnownFileType = sourcecode.c.objc; path = RFFetchedResultsTableView.m; sourceTree = "<group>"; };
		D544ED08165205DA000A1090 /* RFFetchedResultsTableViewController.h */ = {isa = PBXFileReference; fileEncoding = 4; lastKnownFileType = sourcecode.c.h; path = RFFetchedResultsTableViewController.h; sourceTree = "<group>"; };
		D544ED09165205DA000A1090 /* RFFetchedResultsTableViewController.m */ = {isa = PBXFileReference; fileEncoding = 4; lastKnownFileType = sourcecode.c.objc; path = RFFetchedResultsTableViewController.m; sourceTree = "<group>"; };
		D544ED0B165205DA000A1090 /* RFImageTimeTunnel.h */ = {isa = PBXFileReference; fileEncoding = 4; lastKnownFileType = sourcecode.c.h; path = RFImageTimeTunnel.h; sourceTree = "<group>"; };
		D544ED0C165205DA000A1090 /* RFImageTimeTunnel.m */ = {isa = PBXFileReference; fileEncoding = 4; lastKnownFileType = sourcecode.c.objc; path = RFImageTimeTunnel.m; sourceTree = "<group>"; };
		D544ED0D165205DA000A1090 /* RFImageTimeTunnel.xib */ = {isa = PBXFileReference; fileEncoding = 4; lastKnownFileType = file.xib; path = RFImageTimeTunnel.xib; sourceTree = "<group>"; };
		D544ED0F165205DA000A1090 /* RFModalView.h */ = {isa = PBXFileReference; fileEncoding = 4; lastKnownFileType = sourcecode.c.h; path = RFModalView.h; sourceTree = "<group>"; };
		D544ED10165205DA000A1090 /* RFModalView.m */ = {isa = PBXFileReference; fileEncoding = 4; lastKnownFileType = sourcecode.c.objc; path = RFModalView.m; sourceTree = "<group>"; };
		D544ED12165205DA000A1090 /* RFSlideNavigationController.h */ = {isa = PBXFileReference; fileEncoding = 4; lastKnownFileType = sourcecode.c.h; path = RFSlideNavigationController.h; sourceTree = "<group>"; };
		D544ED13165205DA000A1090 /* RFSlideNavigationController.m */ = {isa = PBXFileReference; fileEncoding = 4; lastKnownFileType = sourcecode.c.objc; path = RFSlideNavigationController.m; sourceTree = "<group>"; };
		D544ED15165205DA000A1090 /* RFStatusBarNotificationWindow.h */ = {isa = PBXFileReference; fileEncoding = 4; lastKnownFileType = sourcecode.c.h; path = RFStatusBarNotificationWindow.h; sourceTree = "<group>"; };
		D544ED16165205DA000A1090 /* RFStatusBarNotificationWindow.m */ = {isa = PBXFileReference; fileEncoding = 4; lastKnownFileType = sourcecode.c.objc; path = RFStatusBarNotificationWindow.m; sourceTree = "<group>"; };
		D544ED17165205DA000A1090 /* RFStatusBarNotificationWindow.xib */ = {isa = PBXFileReference; fileEncoding = 4; lastKnownFileType = file.xib; path = RFStatusBarNotificationWindow.xib; sourceTree = "<group>"; };
		D544ED19165205DA000A1090 /* RFCheckmarkSelectedTableViewCell.h */ = {isa = PBXFileReference; fileEncoding = 4; lastKnownFileType = sourcecode.c.h; path = RFCheckmarkSelectedTableViewCell.h; sourceTree = "<group>"; };
		D544ED1A165205DA000A1090 /* RFCheckmarkSelectedTableViewCell.m */ = {isa = PBXFileReference; fileEncoding = 4; lastKnownFileType = sourcecode.c.objc; path = RFCheckmarkSelectedTableViewCell.m; sourceTree = "<group>"; };
		D544ED1B165205DA000A1090 /* RFTableViewCell.h */ = {isa = PBXFileReference; fileEncoding = 4; lastKnownFileType = sourcecode.c.h; path = RFTableViewCell.h; sourceTree = "<group>"; };
		D544ED1C165205DA000A1090 /* RFTableViewCell.m */ = {isa = PBXFileReference; fileEncoding = 4; lastKnownFileType = sourcecode.c.objc; path = RFTableViewCell.m; sourceTree = "<group>"; };
		D57634511622F36E00FCE9FB /* main~iPad.storyboard */ = {isa = PBXFileReference; fileEncoding = 4; lastKnownFileType = file.storyboard; path = "main~iPad.storyboard"; sourceTree = "<group>"; };
		D57634541622F3F200FCE9FB /* main~iPhone.storyboard */ = {isa = PBXFileReference; fileEncoding = 4; lastKnownFileType = file.storyboard; path = "main~iPhone.storyboard"; sourceTree = "<group>"; };
		D57634561622FC6600FCE9FB /* CoreData.framework */ = {isa = PBXFileReference; lastKnownFileType = wrapper.framework; name = CoreData.framework; path = System/Library/Frameworks/CoreData.framework; sourceTree = SDKROOT; };
		D57634581622FC7100FCE9FB /* QuartzCore.framework */ = {isa = PBXFileReference; lastKnownFileType = wrapper.framework; name = QuartzCore.framework; path = System/Library/Frameworks/QuartzCore.framework; sourceTree = SDKROOT; };
		D57634741623002600FCE9FB /* Icon@2x.png */ = {isa = PBXFileReference; lastKnownFileType = image.png; name = "Icon@2x.png"; path = "Resources/Icons/Icon@2x.png"; sourceTree = "<group>"; };
		D57634751623002600FCE9FB /* Icon.png */ = {isa = PBXFileReference; lastKnownFileType = image.png; name = Icon.png; path = Resources/Icons/Icon.png; sourceTree = "<group>"; };
		D57634761623002600FCE9FB /* Icon-Small@2x.png */ = {isa = PBXFileReference; lastKnownFileType = image.png; name = "Icon-Small@2x.png"; path = "Resources/Icons/Icon-Small@2x.png"; sourceTree = "<group>"; };
		D57634771623002600FCE9FB /* Icon-Small.png */ = {isa = PBXFileReference; lastKnownFileType = image.png; name = "Icon-Small.png"; path = "Resources/Icons/Icon-Small.png"; sourceTree = "<group>"; };
		D57634781623002600FCE9FB /* Icon-Small-50@2x.png */ = {isa = PBXFileReference; lastKnownFileType = image.png; name = "Icon-Small-50@2x.png"; path = "Resources/Icons/Icon-Small-50@2x.png"; sourceTree = "<group>"; };
		D57634791623002600FCE9FB /* Icon-Small-50.png */ = {isa = PBXFileReference; lastKnownFileType = image.png; name = "Icon-Small-50.png"; path = "Resources/Icons/Icon-Small-50.png"; sourceTree = "<group>"; };
		D576347A1623002600FCE9FB /* Icon-72@2x.png */ = {isa = PBXFileReference; lastKnownFileType = image.png; name = "Icon-72@2x.png"; path = "Resources/Icons/Icon-72@2x.png"; sourceTree = "<group>"; };
		D576347B1623002600FCE9FB /* Icon-72.png */ = {isa = PBXFileReference; lastKnownFileType = image.png; name = "Icon-72.png"; path = "Resources/Icons/Icon-72.png"; sourceTree = "<group>"; };
		D5763485162300B600FCE9FB /* Default-568h@2x.png */ = {isa = PBXFileReference; lastKnownFileType = image.png; path = "Default-568h@2x.png"; sourceTree = "<group>"; };
		D5763486162300B600FCE9FB /* Default.png */ = {isa = PBXFileReference; lastKnownFileType = image.png; path = Default.png; sourceTree = "<group>"; };
		D5763487162300B600FCE9FB /* Default@2x.png */ = {isa = PBXFileReference; lastKnownFileType = image.png; path = "Default@2x.png"; sourceTree = "<group>"; };
		D5763493162301AE00FCE9FB /* Default-Portrait~ipad.png */ = {isa = PBXFileReference; lastKnownFileType = image.png; path = "Default-Portrait~ipad.png"; sourceTree = "<group>"; };
		D5763494162301AE00FCE9FB /* Default-Portrait@2x~ipad.png */ = {isa = PBXFileReference; lastKnownFileType = image.png; path = "Default-Portrait@2x~ipad.png"; sourceTree = "<group>"; };
		D5763495162301AE00FCE9FB /* Default-Landscape~ipad.png */ = {isa = PBXFileReference; lastKnownFileType = image.png; path = "Default-Landscape~ipad.png"; sourceTree = "<group>"; };
		D5763496162301AE00FCE9FB /* Default-Landscape@2x~ipad.png */ = {isa = PBXFileReference; lastKnownFileType = image.png; path = "Default-Landscape@2x~ipad.png"; sourceTree = "<group>"; };
		D57634A41623083400FCE9FB /* AFHTTPClient.h */ = {isa = PBXFileReference; fileEncoding = 4; lastKnownFileType = sourcecode.c.h; path = AFHTTPClient.h; sourceTree = "<group>"; };
		D57634A51623083400FCE9FB /* AFHTTPClient.m */ = {isa = PBXFileReference; fileEncoding = 4; lastKnownFileType = sourcecode.c.objc; path = AFHTTPClient.m; sourceTree = "<group>"; };
		D57634A61623083400FCE9FB /* AFHTTPRequestOperation.h */ = {isa = PBXFileReference; fileEncoding = 4; lastKnownFileType = sourcecode.c.h; path = AFHTTPRequestOperation.h; sourceTree = "<group>"; };
		D57634A71623083400FCE9FB /* AFHTTPRequestOperation.m */ = {isa = PBXFileReference; fileEncoding = 4; lastKnownFileType = sourcecode.c.objc; path = AFHTTPRequestOperation.m; sourceTree = "<group>"; };
		D57634A81623083400FCE9FB /* AFImageRequestOperation.h */ = {isa = PBXFileReference; fileEncoding = 4; lastKnownFileType = sourcecode.c.h; path = AFImageRequestOperation.h; sourceTree = "<group>"; };
		D57634A91623083400FCE9FB /* AFImageRequestOperation.m */ = {isa = PBXFileReference; fileEncoding = 4; lastKnownFileType = sourcecode.c.objc; path = AFImageRequestOperation.m; sourceTree = "<group>"; };
		D57634AA1623083400FCE9FB /* AFJSONRequestOperation.h */ = {isa = PBXFileReference; fileEncoding = 4; lastKnownFileType = sourcecode.c.h; path = AFJSONRequestOperation.h; sourceTree = "<group>"; };
		D57634AB1623083400FCE9FB /* AFJSONRequestOperation.m */ = {isa = PBXFileReference; fileEncoding = 4; lastKnownFileType = sourcecode.c.objc; path = AFJSONRequestOperation.m; sourceTree = "<group>"; };
		D57634AC1623083400FCE9FB /* AFNetworkActivityIndicatorManager.h */ = {isa = PBXFileReference; fileEncoding = 4; lastKnownFileType = sourcecode.c.h; path = AFNetworkActivityIndicatorManager.h; sourceTree = "<group>"; };
		D57634AD1623083400FCE9FB /* AFNetworkActivityIndicatorManager.m */ = {isa = PBXFileReference; fileEncoding = 4; lastKnownFileType = sourcecode.c.objc; path = AFNetworkActivityIndicatorManager.m; sourceTree = "<group>"; };
		D57634AE1623083400FCE9FB /* AFNetworking.h */ = {isa = PBXFileReference; fileEncoding = 4; lastKnownFileType = sourcecode.c.h; path = AFNetworking.h; sourceTree = "<group>"; };
		D57634AF1623083400FCE9FB /* AFPropertyListRequestOperation.h */ = {isa = PBXFileReference; fileEncoding = 4; lastKnownFileType = sourcecode.c.h; path = AFPropertyListRequestOperation.h; sourceTree = "<group>"; };
		D57634B01623083400FCE9FB /* AFPropertyListRequestOperation.m */ = {isa = PBXFileReference; fileEncoding = 4; lastKnownFileType = sourcecode.c.objc; path = AFPropertyListRequestOperation.m; sourceTree = "<group>"; };
		D57634B11623083400FCE9FB /* AFURLConnectionOperation.h */ = {isa = PBXFileReference; fileEncoding = 4; lastKnownFileType = sourcecode.c.h; path = AFURLConnectionOperation.h; sourceTree = "<group>"; };
		D57634B21623083400FCE9FB /* AFURLConnectionOperation.m */ = {isa = PBXFileReference; fileEncoding = 4; lastKnownFileType = sourcecode.c.objc; path = AFURLConnectionOperation.m; sourceTree = "<group>"; };
		D57634B31623083400FCE9FB /* AFXMLRequestOperation.h */ = {isa = PBXFileReference; fileEncoding = 4; lastKnownFileType = sourcecode.c.h; path = AFXMLRequestOperation.h; sourceTree = "<group>"; };
		D57634B41623083400FCE9FB /* AFXMLRequestOperation.m */ = {isa = PBXFileReference; fileEncoding = 4; lastKnownFileType = sourcecode.c.objc; path = AFXMLRequestOperation.m; sourceTree = "<group>"; };
		D57634B81623083400FCE9FB /* AFHTTPRequestOperationLogger.h */ = {isa = PBXFileReference; fileEncoding = 4; lastKnownFileType = sourcecode.c.h; path = AFHTTPRequestOperationLogger.h; sourceTree = "<group>"; };
		D57634B91623083400FCE9FB /* AFHTTPRequestOperationLogger.m */ = {isa = PBXFileReference; fileEncoding = 4; lastKnownFileType = sourcecode.c.objc; path = AFHTTPRequestOperationLogger.m; sourceTree = "<group>"; };
		D57634BE1623083400FCE9FB /* UIImageView+AFNetworking.h */ = {isa = PBXFileReference; fileEncoding = 4; lastKnownFileType = sourcecode.c.h; path = "UIImageView+AFNetworking.h"; sourceTree = "<group>"; };
		D57634BF1623083400FCE9FB /* UIImageView+AFNetworking.m */ = {isa = PBXFileReference; fileEncoding = 4; lastKnownFileType = sourcecode.c.objc; path = "UIImageView+AFNetworking.m"; sourceTree = "<group>"; };
		D57635271623096E00FCE9FB /* RFNavigationPushSegue.h */ = {isa = PBXFileReference; fileEncoding = 4; lastKnownFileType = sourcecode.c.h; path = RFNavigationPushSegue.h; sourceTree = "<group>"; };
		D57635281623096E00FCE9FB /* RFNavigationPushSegue.m */ = {isa = PBXFileReference; fileEncoding = 4; lastKnownFileType = sourcecode.c.objc; path = RFNavigationPushSegue.m; sourceTree = "<group>"; };
		D57635291623096E00FCE9FB /* RFSegue.h */ = {isa = PBXFileReference; fileEncoding = 4; lastKnownFileType = sourcecode.c.h; path = RFSegue.h; sourceTree = "<group>"; };
		D576352A1623096E00FCE9FB /* RFSegue.m */ = {isa = PBXFileReference; fileEncoding = 4; lastKnownFileType = sourcecode.c.objc; path = RFSegue.m; sourceTree = "<group>"; };
		D57635D21623159B00FCE9FB /* debug.h */ = {isa = PBXFileReference; fileEncoding = 4; lastKnownFileType = sourcecode.c.h; path = debug.h; sourceTree = "<group>"; };
		D57635DD1623B92F00FCE9FB /* SystemConfiguration.framework */ = {isa = PBXFileReference; lastKnownFileType = wrapper.framework; name = SystemConfiguration.framework; path = System/Library/Frameworks/SystemConfiguration.framework; sourceTree = SDKROOT; };
		D57635DF1623B93600FCE9FB /* MobileCoreServices.framework */ = {isa = PBXFileReference; lastKnownFileType = wrapper.framework; name = MobileCoreServices.framework; path = System/Library/Frameworks/MobileCoreServices.framework; sourceTree = SDKROOT; };
		D5F2EA88169D616C0067E7D3 /* en.lproj */ = {isa = PBXFileReference; lastKnownFileType = folder; path = en.lproj; sourceTree = "<group>"; };
		D5F2EA89169D616C0067E7D3 /* zh-Hans.lproj */ = {isa = PBXFileReference; lastKnownFileType = folder; path = "zh-Hans.lproj"; sourceTree = "<group>"; };
/* End PBXFileReference section */

/* Begin PBXFrameworksBuildPhase section */
		D51CC8791622EE3B00BE1083 /* Frameworks */ = {
			isa = PBXFrameworksBuildPhase;
			buildActionMask = 2147483647;
			files = (
				D57635E01623B93600FCE9FB /* MobileCoreServices.framework in Frameworks */,
				D57635DE1623B92F00FCE9FB /* SystemConfiguration.framework in Frameworks */,
				D57634591622FC7100FCE9FB /* QuartzCore.framework in Frameworks */,
				D57634571622FC6600FCE9FB /* CoreData.framework in Frameworks */,
				D51CC8811622EE3B00BE1083 /* UIKit.framework in Frameworks */,
				D51CC8831622EE3B00BE1083 /* Foundation.framework in Frameworks */,
				D51CC8851622EE3B00BE1083 /* CoreGraphics.framework in Frameworks */,
			);
			runOnlyForDeploymentPostprocessing = 0;
		};
		D51CC8A21622EE3B00BE1083 /* Frameworks */ = {
			isa = PBXFrameworksBuildPhase;
			buildActionMask = 2147483647;
			files = (
				D51CC8A81622EE3B00BE1083 /* SenTestingKit.framework in Frameworks */,
				D57635E11623B95F00FCE9FB /* MobileCoreServices.framework in Frameworks */,
				D57635E21623B95F00FCE9FB /* SystemConfiguration.framework in Frameworks */,
				D576346E1622FE4B00FCE9FB /* QuartzCore.framework in Frameworks */,
				D576346F1622FE4E00FCE9FB /* CoreGraphics.framework in Frameworks */,
				D51CC8A91622EE3B00BE1083 /* UIKit.framework in Frameworks */,
				D576346B1622FDD000FCE9FB /* CoreData.framework in Frameworks */,
				D51CC8AA1622EE3B00BE1083 /* Foundation.framework in Frameworks */,
			);
			runOnlyForDeploymentPostprocessing = 0;
		};
/* End PBXFrameworksBuildPhase section */

/* Begin PBXGroup section */
		D51CC8711622EE3B00BE1083 = {
			isa = PBXGroup;
			children = (
				D51CC8861622EE3B00BE1083 /* App */,
				D51CC8AD1622EE3B00BE1083 /* AppTests */,
				D57634701622FF4100FCE9FB /* Resources */,
				D51CC87F1622EE3B00BE1083 /* Frameworks */,
				D51CC87D1622EE3B00BE1083 /* Products */,
			);
			sourceTree = "<group>";
		};
		D51CC87D1622EE3B00BE1083 /* Products */ = {
			isa = PBXGroup;
			children = (
				D51CC87C1622EE3B00BE1083 /* App.app */,
				D51CC8A61622EE3B00BE1083 /* AppTests.octest */,
			);
			name = Products;
			sourceTree = "<group>";
		};
		D51CC87F1622EE3B00BE1083 /* Frameworks */ = {
			isa = PBXGroup;
			children = (
				D57634A31623083400FCE9FB /* AFNetworking */,
				D57634561622FC6600FCE9FB /* CoreData.framework */,
				D51CC8841622EE3B00BE1083 /* CoreGraphics.framework */,
				D51CC8821622EE3B00BE1083 /* Foundation.framework */,
				D57635DF1623B93600FCE9FB /* MobileCoreServices.framework */,
				D57634581622FC7100FCE9FB /* QuartzCore.framework */,
				D57634D01623096D00FCE9FB /* RFUI */,
				D51CC8A71622EE3B00BE1083 /* SenTestingKit.framework */,
				D57635DD1623B92F00FCE9FB /* SystemConfiguration.framework */,
				D51CC8801622EE3B00BE1083 /* UIKit.framework */,
			);
			name = Frameworks;
			sourceTree = "<group>";
		};
		D51CC8861622EE3B00BE1083 /* App */ = {
			isa = PBXGroup;
			children = (
				D526B2EF163817F7003087FF /* Core Data */,
				D51CC88F1622EE3B00BE1083 /* AppDelegate.h */,
				D51CC8901622EE3B00BE1083 /* AppDelegate.m */,
				D57635D21623159B00FCE9FB /* debug.h */,
				D57634511622F36E00FCE9FB /* main~iPad.storyboard */,
				D57634541622F3F200FCE9FB /* main~iPhone.storyboard */,
				D51CC89E1622EE3B00BE1083 /* ViewController.h */,
				D51CC89F1622EE3B00BE1083 /* ViewController.m */,
				D51CC8871622EE3B00BE1083 /* Supporting Files */,
			);
			path = App;
			sourceTree = "<group>";
		};
		D51CC8871622EE3B00BE1083 /* Supporting Files */ = {
			isa = PBXGroup;
			children = (
				D5F2EA88169D616C0067E7D3 /* en.lproj */,
				D5F2EA89169D616C0067E7D3 /* zh-Hans.lproj */,
				D51CC8881622EE3B00BE1083 /* Info.plist */,
				D51CC88C1622EE3B00BE1083 /* main.m */,
				D51CC88E1622EE3B00BE1083 /* Prefix.pch */,
			);
			name = "Supporting Files";
			sourceTree = "<group>";
		};
		D51CC8AD1622EE3B00BE1083 /* AppTests */ = {
			isa = PBXGroup;
			children = (
				D51CC8B31622EE3B00BE1083 /* AppTests.h */,
				D51CC8B41622EE3B00BE1083 /* AppTests.m */,
				D51CC8AE1622EE3B00BE1083 /* Supporting Files */,
			);
			path = AppTests;
			sourceTree = "<group>";
		};
		D51CC8AE1622EE3B00BE1083 /* Supporting Files */ = {
			isa = PBXGroup;
			children = (
				D51CC8AF1622EE3B00BE1083 /* AppTests-Info.plist */,
			);
			name = "Supporting Files";
			sourceTree = "<group>";
		};
		D526B2EF163817F7003087FF /* Core Data */ = {
			isa = PBXGroup;
			children = (
				D526B2F816381888003087FF /* main.xcdatamodeld */,
				D526B2F016381830003087FF /* ExampleEntity.h */,
				D526B2F116381830003087FF /* ExampleEntity.m */,
				D526B2FC163818B3003087FF /* ExampleEntity+Cache.h */,
				D526B2FD163818B4003087FF /* ExampleEntity+Cache.m */,
			);
			name = "Core Data";
			sourceTree = "<group>";
		};
		D544EC0C1652042E000A1090 /* RFKit */ = {
			isa = PBXGroup;
			children = (
				D544EC0D1652042E000A1090 /* category */,
				D544EC321652042E000A1090 /* ChangeLog.md */,
				D544EC331652042E000A1090 /* doc */,
				D544EC351652042E000A1090 /* dout.h */,
				D544EC361652042E000A1090 /* dout.m */,
				D544EC371652042E000A1090 /* external */,
				D544EC3C1652042E000A1090 /* README.md */,
				D544EC3D1652042E000A1090 /* RFARC.h */,
				D544EC3E1652042E000A1090 /* RFGeometry.h */,
				D544EC3F1652042E000A1090 /* RFGeometry.m */,
				D544EC401652042E000A1090 /* RFKit.h */,
				D544EC411652042E000A1090 /* RFKit.m */,
				D544EC421652042E000A1090 /* RFKitDefaultCategories.h */,
				D544EC431652042E000A1090 /* RFPerformance.h */,
				D544EC441652042E000A1090 /* RFPerformance.m */,
				D544EC451652042E000A1090 /* RFRuntime.h */,
			);
			path = RFKit;
			sourceTree = "<group>";
		};
		D544EC0D1652042E000A1090 /* category */ = {
			isa = PBXGroup;
			children = (
				D544EC0E1652042E000A1090 /* Foundation */,
				D544EC231652042E000A1090 /* UIKit */,
			);
			path = category;
			sourceTree = "<group>";
		};
		D544EC0E1652042E000A1090 /* Foundation */ = {
			isa = PBXGroup;
			children = (
				D544EC0F1652042E000A1090 /* NSArray+RFKit.h */,
				D544EC101652042E000A1090 /* NSArray+RFKit.m */,
				D544EC111652042E000A1090 /* NSBundle+RFKit.h */,
				D544EC121652042E000A1090 /* NSBundle+RFKit.m */,
				D544EC131652042E000A1090 /* NSDate+RFKit.h */,
				D544EC141652042E000A1090 /* NSDate+RFKit.m */,
				D544EC151652042E000A1090 /* NSDateFormatter+RFKit.h */,
				D544EC161652042E000A1090 /* NSDateFormatter+RFKit.m */,
				D544EC171652042E000A1090 /* NSDictionary+RFKit.h */,
				D544EC181652042E000A1090 /* NSDictionary+RFKit.m */,
				D544EC191652042E000A1090 /* NSFileManager+RFKit.h */,
				D544EC1A1652042E000A1090 /* NSFileManager+RFKit.m */,
				D544EC1B1652042E000A1090 /* NSNumberFormatter+RFKit.h */,
				D544EC1C1652042E000A1090 /* NSNumberFormatter+RFKit.m */,
				D544EC1D1652042E000A1090 /* NSObject+RFKit.h */,
				D544EC1E1652042E000A1090 /* NSObject+RFKit.m */,
				D544EC1F1652042E000A1090 /* NSString+RFKit.h */,
				D544EC201652042E000A1090 /* NSString+RFKit.m */,
				D544EC211652042E000A1090 /* NSURL+RFKit.h */,
				D544EC221652042E000A1090 /* NSURL+RFKit.m */,
			);
			path = Foundation;
			sourceTree = "<group>";
		};
		D544EC231652042E000A1090 /* UIKit */ = {
			isa = PBXGroup;
			children = (
				D544EC241652042E000A1090 /* UIAlertView+RFKit.h */,
				D544EC251652042E000A1090 /* UIAlertView+RFKit.m */,
				D544EC261652042E000A1090 /* UIButton+RFKit.h */,
				D544EC271652042E000A1090 /* UIButton+RFKit.m */,
				D544EC281652042E000A1090 /* UIColor+RFKit.h */,
				D544EC291652042E000A1090 /* UIColor+RFKit.m */,
				D544EC2A1652042E000A1090 /* UIDevice+RFKit.h */,
				D544EC2B1652042E000A1090 /* UIDevice+RFKit.m */,
				D544EC2C1652042E000A1090 /* UIImage+RFKit.h */,
				D544EC2D1652042E000A1090 /* UIImage+RFKit.m */,
				D544EC2E1652042E000A1090 /* UIView+RFKit.h */,
				D544EC2F1652042E000A1090 /* UIView+RFKit.m */,
				D544EC301652042E000A1090 /* UIViewController+RFKit.h */,
				D544EC311652042E000A1090 /* UIViewController+RFKit.m */,
			);
			path = UIKit;
			sourceTree = "<group>";
		};
		D544EC331652042E000A1090 /* doc */ = {
			isa = PBXGroup;
			children = (
				D544EC341652042E000A1090 /* dout.md */,
			);
			path = doc;
			sourceTree = "<group>";
		};
		D544EC371652042E000A1090 /* external */ = {
			isa = PBXGroup;
			children = (
				D544EC381652042E000A1090 /* UncaughtExceptionHandler */,
			);
			path = external;
			sourceTree = "<group>";
		};
		D544EC381652042E000A1090 /* UncaughtExceptionHandler */ = {
			isa = PBXGroup;
			children = (
				D544EC391652042E000A1090 /* UncaughtExceptionHandler.h */,
				D544EC3A1652042E000A1090 /* UncaughtExceptionHandler.m */,
			);
			path = UncaughtExceptionHandler;
			sourceTree = "<group>";
		};
		D544ECEA165205DA000A1090 /* RFButton */ = {
			isa = PBXGroup;
			children = (
				D544ECEB165205DA000A1090 /* RFButton.h */,
				D544ECEC165205DA000A1090 /* RFButton.m */,
				D544ECED165205DA000A1090 /* RFResizableBackgroundImageButton.h */,
				D544ECEE165205DA000A1090 /* RFResizableBackgroundImageButton.m */,
			);
			path = RFButton;
			sourceTree = "<group>";
		};
		D544ECEF165205DA000A1090 /* RFImageGallery */ = {
			isa = PBXGroup;
			children = (
				D544ECF0165205DA000A1090 /* RFImageGallery.h */,
				D544ECF1165205DA000A1090 /* RFImageGallery.m */,
			);
			path = RFImageGallery;
			sourceTree = "<group>";
		};
		D544ECF2165205DA000A1090 /* RFSidePanel */ = {
			isa = PBXGroup;
			children = (
				D544ECF3165205DA000A1090 /* RFSidePanel.h */,
				D544ECF4165205DA000A1090 /* RFSidePanel.m */,
				D544ECF5165205DA000A1090 /* RFSidePanel.xib */,
				D544ECF6165205DA000A1090 /* SidePanel-bg.png */,
				D544ECF7165205DA000A1090 /* SidePanel-off.active.png */,
				D544ECF8165205DA000A1090 /* SidePanel-off.png */,
				D544ECF9165205DA000A1090 /* SidePanel-on.active.png */,
				D544ECFA165205DA000A1090 /* SidePanel-on.png */,
			);
			path = RFSidePanel;
			sourceTree = "<group>";
		};
		D544ECFB165205DA000A1090 /* RFUITheme */ = {
			isa = PBXGroup;
			children = (
				D544ECFC165205DA000A1090 /* RFThemeBundle.h */,
				D544ECFD165205DA000A1090 /* RFThemeBundle.m */,
				D544ECFE165205DA000A1090 /* RFUIThemeDelegate.h */,
			);
			path = RFUITheme;
			sourceTree = "<group>";
		};
		D544ECFF165205DA000A1090 /* RFWebViewController */ = {
			isa = PBXGroup;
			children = (
				D544ED00165205DA000A1090 /* RFWebViewController.h */,
				D544ED01165205DA000A1090 /* RFWebViewController.m */,
				D544ED02165205DA000A1090 /* RFWebViewController.xib */,
				D544ED03165205DA000A1090 /* RFWebViewController_blank.html */,
				D544ED04165205DA000A1090 /* RFWebViewController_loadFail.html */,
			);
			path = RFWebViewController;
			sourceTree = "<group>";
		};
		D544ED05165205DA000A1090 /* RFFetchedResultsTableView */ = {
			isa = PBXGroup;
			children = (
				D544ED06165205DA000A1090 /* RFFetchedResultsTableView.h */,
				D544ED07165205DA000A1090 /* RFFetchedResultsTableView.m */,
				D544ED08165205DA000A1090 /* RFFetchedResultsTableViewController.h */,
				D544ED09165205DA000A1090 /* RFFetchedResultsTableViewController.m */,
			);
			path = RFFetchedResultsTableView;
			sourceTree = "<group>";
		};
		D544ED0A165205DA000A1090 /* RFImageTimeTunnel */ = {
			isa = PBXGroup;
			children = (
				D544ED0B165205DA000A1090 /* RFImageTimeTunnel.h */,
				D544ED0C165205DA000A1090 /* RFImageTimeTunnel.m */,
				D544ED0D165205DA000A1090 /* RFImageTimeTunnel.xib */,
			);
			path = RFImageTimeTunnel;
			sourceTree = "<group>";
		};
		D544ED0E165205DA000A1090 /* RFModalView */ = {
			isa = PBXGroup;
			children = (
				D544ED0F165205DA000A1090 /* RFModalView.h */,
				D544ED10165205DA000A1090 /* RFModalView.m */,
			);
			path = RFModalView;
			sourceTree = "<group>";
		};
		D544ED11165205DA000A1090 /* RFSlideNavigationController */ = {
			isa = PBXGroup;
			children = (
				D544ED12165205DA000A1090 /* RFSlideNavigationController.h */,
				D544ED13165205DA000A1090 /* RFSlideNavigationController.m */,
			);
			path = RFSlideNavigationController;
			sourceTree = "<group>";
		};
		D544ED14165205DA000A1090 /* RFStatusBarNotificationController */ = {
			isa = PBXGroup;
			children = (
				D544ED15165205DA000A1090 /* RFStatusBarNotificationWindow.h */,
				D544ED16165205DA000A1090 /* RFStatusBarNotificationWindow.m */,
				D544ED17165205DA000A1090 /* RFStatusBarNotificationWindow.xib */,
			);
			path = RFStatusBarNotificationController;
			sourceTree = "<group>";
		};
		D544ED18165205DA000A1090 /* RFTableViewCell */ = {
			isa = PBXGroup;
			children = (
				D544ED19165205DA000A1090 /* RFCheckmarkSelectedTableViewCell.h */,
				D544ED1A165205DA000A1090 /* RFCheckmarkSelectedTableViewCell.m */,
				D544ED1B165205DA000A1090 /* RFTableViewCell.h */,
				D544ED1C165205DA000A1090 /* RFTableViewCell.m */,
			);
			path = RFTableViewCell;
			sourceTree = "<group>";
		};
		D57634701622FF4100FCE9FB /* Resources */ = {
			isa = PBXGroup;
			children = (
				D57634731622FFA000FCE9FB /* Icons */,
				D5763484162300B600FCE9FB /* LaunchImages */,
			);
			name = Resources;
			sourceTree = "<group>";
		};
		D57634731622FFA000FCE9FB /* Icons */ = {
			isa = PBXGroup;
			children = (
				D576347B1623002600FCE9FB /* Icon-72.png */,
				D576347A1623002600FCE9FB /* Icon-72@2x.png */,
				D57634791623002600FCE9FB /* Icon-Small-50.png */,
				D57634781623002600FCE9FB /* Icon-Small-50@2x.png */,
				D57634771623002600FCE9FB /* Icon-Small.png */,
				D57634761623002600FCE9FB /* Icon-Small@2x.png */,
				D57634751623002600FCE9FB /* Icon.png */,
				D57634741623002600FCE9FB /* Icon@2x.png */,
			);
			name = Icons;
			sourceTree = "<group>";
		};
		D5763484162300B600FCE9FB /* LaunchImages */ = {
			isa = PBXGroup;
			children = (
				D5763485162300B600FCE9FB /* Default-568h@2x.png */,
				D5763496162301AE00FCE9FB /* Default-Landscape@2x~ipad.png */,
				D5763495162301AE00FCE9FB /* Default-Landscape~ipad.png */,
				D5763494162301AE00FCE9FB /* Default-Portrait@2x~ipad.png */,
				D5763493162301AE00FCE9FB /* Default-Portrait~ipad.png */,
				D5763486162300B600FCE9FB /* Default.png */,
				D5763487162300B600FCE9FB /* Default@2x.png */,
			);
			name = LaunchImages;
			path = Resources/LaunchImages;
			sourceTree = "<group>";
		};
		D57634A31623083400FCE9FB /* AFNetworking */ = {
			isa = PBXGroup;
			children = (
				D57634A41623083400FCE9FB /* AFHTTPClient.h */,
				D57634A51623083400FCE9FB /* AFHTTPClient.m */,
				D57634A61623083400FCE9FB /* AFHTTPRequestOperation.h */,
				D57634A71623083400FCE9FB /* AFHTTPRequestOperation.m */,
				D57634A81623083400FCE9FB /* AFImageRequestOperation.h */,
				D57634A91623083400FCE9FB /* AFImageRequestOperation.m */,
				D57634AA1623083400FCE9FB /* AFJSONRequestOperation.h */,
				D57634AB1623083400FCE9FB /* AFJSONRequestOperation.m */,
				D57634AC1623083400FCE9FB /* AFNetworkActivityIndicatorManager.h */,
				D57634AD1623083400FCE9FB /* AFNetworkActivityIndicatorManager.m */,
				D57634AE1623083400FCE9FB /* AFNetworking.h */,
				D57634AF1623083400FCE9FB /* AFPropertyListRequestOperation.h */,
				D57634B01623083400FCE9FB /* AFPropertyListRequestOperation.m */,
				D57634B11623083400FCE9FB /* AFURLConnectionOperation.h */,
				D57634B21623083400FCE9FB /* AFURLConnectionOperation.m */,
				D57634B31623083400FCE9FB /* AFXMLRequestOperation.h */,
				D57634B41623083400FCE9FB /* AFXMLRequestOperation.m */,
				D57634B61623083400FCE9FB /* extension */,
				D57634BE1623083400FCE9FB /* UIImageView+AFNetworking.h */,
				D57634BF1623083400FCE9FB /* UIImageView+AFNetworking.m */,
			);
			name = AFNetworking;
			path = Frameworks/AFNetworking;
			sourceTree = "<group>";
		};
		D57634B61623083400FCE9FB /* extension */ = {
			isa = PBXGroup;
			children = (
				D57634B71623083400FCE9FB /* AFHTTPRequestOperationLogger */,
			);
			path = extension;
			sourceTree = "<group>";
		};
		D57634B71623083400FCE9FB /* AFHTTPRequestOperationLogger */ = {
			isa = PBXGroup;
			children = (
				D57634B81623083400FCE9FB /* AFHTTPRequestOperationLogger.h */,
				D57634B91623083400FCE9FB /* AFHTTPRequestOperationLogger.m */,
			);
			path = AFHTTPRequestOperationLogger;
			sourceTree = "<group>";
		};
		D57634D01623096D00FCE9FB /* RFUI */ = {
			isa = PBXGroup;
			children = (
				D57634D11623096D00FCE9FB /* Alpha */,
				D57634F51623096E00FCE9FB /* Core */,
				D57635261623096E00FCE9FB /* RFSegue */,
			);
			name = RFUI;
			path = Frameworks/RFUI;
			sourceTree = "<group>";
		};
		D57634D11623096D00FCE9FB /* Alpha */ = {
			isa = PBXGroup;
			children = (
				D544ECEA165205DA000A1090 /* RFButton */,
				D544ED05165205DA000A1090 /* RFFetchedResultsTableView */,
				D544ECEF165205DA000A1090 /* RFImageGallery */,
				D544ED0A165205DA000A1090 /* RFImageTimeTunnel */,
				D544ED0E165205DA000A1090 /* RFModalView */,
				D544ECF2165205DA000A1090 /* RFSidePanel */,
				D544ED11165205DA000A1090 /* RFSlideNavigationController */,
				D544ED14165205DA000A1090 /* RFStatusBarNotificationController */,
				D544ED18165205DA000A1090 /* RFTableViewCell */,
				D544ECFB165205DA000A1090 /* RFUITheme */,
				D544ECFF165205DA000A1090 /* RFWebViewController */,
			);
			path = Alpha;
			sourceTree = "<group>";
		};
		D57634F51623096E00FCE9FB /* Core */ = {
			isa = PBXGroup;
			children = (
				D544EC0B1652042E000A1090 /* Readme.md */,
				D544EC0C1652042E000A1090 /* RFKit */,
				D544EC461652042E000A1090 /* RFUI.h */,
				D544EC471652042E000A1090 /* RFUIDebug.h */,
				D544EC481652042E000A1090 /* RFUIInterfaceOrientationSupport.h */,
				D544EC4A1652042E000A1090 /* RFUI.m */,
			);
			path = Core;
			sourceTree = "<group>";
		};
		D57635261623096E00FCE9FB /* RFSegue */ = {
			isa = PBXGroup;
			children = (
				D57635271623096E00FCE9FB /* RFNavigationPushSegue.h */,
				D57635281623096E00FCE9FB /* RFNavigationPushSegue.m */,
				D57635291623096E00FCE9FB /* RFSegue.h */,
				D576352A1623096E00FCE9FB /* RFSegue.m */,
			);
			path = RFSegue;
			sourceTree = "<group>";
		};
/* End PBXGroup section */

/* Begin PBXNativeTarget section */
		D51CC87B1622EE3B00BE1083 /* App */ = {
			isa = PBXNativeTarget;
			buildConfigurationList = D51CC8B81622EE3B00BE1083 /* Build configuration list for PBXNativeTarget "App" */;
			buildPhases = (
				D51CC8781622EE3B00BE1083 /* Sources */,
				D51CC8791622EE3B00BE1083 /* Frameworks */,
				D51CC87A1622EE3B00BE1083 /* Resources */,
			);
			buildRules = (
			);
			dependencies = (
			);
			name = App;
			productName = App;
			productReference = D51CC87C1622EE3B00BE1083 /* App.app */;
			productType = "com.apple.product-type.application";
		};
		D51CC8A51622EE3B00BE1083 /* AppTests */ = {
			isa = PBXNativeTarget;
			buildConfigurationList = D51CC8BB1622EE3B00BE1083 /* Build configuration list for PBXNativeTarget "AppTests" */;
			buildPhases = (
				D51CC8A11622EE3B00BE1083 /* Sources */,
				D51CC8A21622EE3B00BE1083 /* Frameworks */,
				D51CC8A31622EE3B00BE1083 /* Resources */,
				D51CC8A41622EE3B00BE1083 /* ShellScript */,
			);
			buildRules = (
			);
			dependencies = (
				D51CC8AC1622EE3B00BE1083 /* PBXTargetDependency */,
			);
			name = AppTests;
			productName = AppTests;
			productReference = D51CC8A61622EE3B00BE1083 /* AppTests.octest */;
			productType = "com.apple.product-type.bundle";
		};
/* End PBXNativeTarget section */

/* Begin PBXProject section */
		D51CC8731622EE3B00BE1083 /* Project object */ = {
			isa = PBXProject;
			attributes = {
				LastUpgradeCheck = 0450;
				ORGANIZATIONNAME = Chinamobo;
			};
			buildConfigurationList = D51CC8761622EE3B00BE1083 /* Build configuration list for PBXProject "App" */;
			compatibilityVersion = "Xcode 3.2";
			developmentRegion = English;
			hasScannedForEncodings = 0;
			knownRegions = (
				en,
			);
			mainGroup = D51CC8711622EE3B00BE1083;
			productRefGroup = D51CC87D1622EE3B00BE1083 /* Products */;
			projectDirPath = "";
			projectRoot = "";
			targets = (
				D51CC87B1622EE3B00BE1083 /* App */,
				D51CC8A51622EE3B00BE1083 /* AppTests */,
			);
		};
/* End PBXProject section */

/* Begin PBXResourcesBuildPhase section */
		D51CC87A1622EE3B00BE1083 /* Resources */ = {
			isa = PBXResourcesBuildPhase;
			buildActionMask = 2147483647;
			files = (
				D57634521622F36E00FCE9FB /* main~iPad.storyboard in Resources */,
				D57634551622F3F200FCE9FB /* main~iPhone.storyboard in Resources */,
				D576347C1623002600FCE9FB /* Icon@2x.png in Resources */,
				D576347D1623002600FCE9FB /* Icon.png in Resources */,
				D576347E1623002600FCE9FB /* Icon-Small@2x.png in Resources */,
				D576347F1623002600FCE9FB /* Icon-Small.png in Resources */,
				D57634801623002600FCE9FB /* Icon-Small-50@2x.png in Resources */,
				D57634811623002600FCE9FB /* Icon-Small-50.png in Resources */,
				D57634821623002600FCE9FB /* Icon-72@2x.png in Resources */,
				D57634831623002600FCE9FB /* Icon-72.png in Resources */,
				D5763488162300B600FCE9FB /* Default-568h@2x.png in Resources */,
				D5763489162300B600FCE9FB /* Default.png in Resources */,
				D576348A162300B600FCE9FB /* Default@2x.png in Resources */,
				D5763497162301AE00FCE9FB /* Default-Portrait~ipad.png in Resources */,
				D5763498162301AE00FCE9FB /* Default-Portrait@2x~ipad.png in Resources */,
				D5763499162301AE00FCE9FB /* Default-Landscape~ipad.png in Resources */,
				D576349A162301AE00FCE9FB /* Default-Landscape@2x~ipad.png in Resources */,
				D544ED25165205DA000A1090 /* RFSidePanel.xib in Resources */,
				D544ED27165205DA000A1090 /* SidePanel-bg.png in Resources */,
				D544ED29165205DA000A1090 /* SidePanel-off.active.png in Resources */,
				D544ED2B165205DA000A1090 /* SidePanel-off.png in Resources */,
				D544ED2D165205DA000A1090 /* SidePanel-on.active.png in Resources */,
				D544ED2F165205DA000A1090 /* SidePanel-on.png in Resources */,
				D544ED35165205DA000A1090 /* RFWebViewController.xib in Resources */,
				D544ED37165205DA000A1090 /* RFWebViewController_blank.html in Resources */,
				D544ED39165205DA000A1090 /* RFWebViewController_loadFail.html in Resources */,
				D544ED41165205DA000A1090 /* RFImageTimeTunnel.xib in Resources */,
				D544ED49165205DA000A1090 /* RFStatusBarNotificationWindow.xib in Resources */,
				D5F2EA8A169D616C0067E7D3 /* en.lproj in Resources */,
				D5F2EA8B169D616C0067E7D3 /* zh-Hans.lproj in Resources */,
			);
			runOnlyForDeploymentPostprocessing = 0;
		};
		D51CC8A31622EE3B00BE1083 /* Resources */ = {
			isa = PBXResourcesBuildPhase;
			buildActionMask = 2147483647;
			files = (
				D544ED26165205DA000A1090 /* RFSidePanel.xib in Resources */,
				D544ED28165205DA000A1090 /* SidePanel-bg.png in Resources */,
				D544ED2A165205DA000A1090 /* SidePanel-off.active.png in Resources */,
				D544ED2C165205DA000A1090 /* SidePanel-off.png in Resources */,
				D544ED2E165205DA000A1090 /* SidePanel-on.active.png in Resources */,
				D544ED30165205DA000A1090 /* SidePanel-on.png in Resources */,
				D544ED36165205DA000A1090 /* RFWebViewController.xib in Resources */,
				D544ED38165205DA000A1090 /* RFWebViewController_blank.html in Resources */,
				D544ED3A165205DA000A1090 /* RFWebViewController_loadFail.html in Resources */,
				D544ED42165205DA000A1090 /* RFImageTimeTunnel.xib in Resources */,
				D544ED4A165205DA000A1090 /* RFStatusBarNotificationWindow.xib in Resources */,
			);
			runOnlyForDeploymentPostprocessing = 0;
		};
/* End PBXResourcesBuildPhase section */

/* Begin PBXShellScriptBuildPhase section */
		D51CC8A41622EE3B00BE1083 /* ShellScript */ = {
			isa = PBXShellScriptBuildPhase;
			buildActionMask = 2147483647;
			files = (
			);
			inputPaths = (
			);
			outputPaths = (
			);
			runOnlyForDeploymentPostprocessing = 0;
			shellPath = /bin/sh;
			shellScript = "# Run the unit tests in this test bundle.\n\"${SYSTEM_DEVELOPER_DIR}/Tools/RunUnitTests\"\n";
		};
/* End PBXShellScriptBuildPhase section */

/* Begin PBXSourcesBuildPhase section */
		D51CC8781622EE3B00BE1083 /* Sources */ = {
			isa = PBXSourcesBuildPhase;
			buildActionMask = 2147483647;
			files = (
				D51CC88D1622EE3B00BE1083 /* main.m in Sources */,
				D51CC8911622EE3B00BE1083 /* AppDelegate.m in Sources */,
				D51CC8A01622EE3B00BE1083 /* ViewController.m in Sources */,
				D57634C01623083400FCE9FB /* AFHTTPClient.m in Sources */,
				D57634C11623083400FCE9FB /* AFHTTPRequestOperation.m in Sources */,
				D57634C21623083400FCE9FB /* AFImageRequestOperation.m in Sources */,
				D57634C31623083400FCE9FB /* AFJSONRequestOperation.m in Sources */,
				D57634C41623083400FCE9FB /* AFNetworkActivityIndicatorManager.m in Sources */,
				D57634C51623083400FCE9FB /* AFPropertyListRequestOperation.m in Sources */,
				D57634C61623083400FCE9FB /* AFURLConnectionOperation.m in Sources */,
				D57634C71623083400FCE9FB /* AFXMLRequestOperation.m in Sources */,
				D57634C91623083400FCE9FB /* AFHTTPRequestOperationLogger.m in Sources */,
				D57634CE1623083400FCE9FB /* UIImageView+AFNetworking.m in Sources */,
				D576357D1623096E00FCE9FB /* RFNavigationPushSegue.m in Sources */,
				D576357F1623096E00FCE9FB /* RFSegue.m in Sources */,
				D526B2F216381830003087FF /* ExampleEntity.m in Sources */,
				D526B2FA16381888003087FF /* main.xcdatamodeld in Sources */,
				D526B2FE163818B4003087FF /* ExampleEntity+Cache.m in Sources */,
				D544EC4D1652042E000A1090 /* NSArray+RFKit.m in Sources */,
				D544EC4F1652042E000A1090 /* NSBundle+RFKit.m in Sources */,
				D544EC511652042E000A1090 /* NSDate+RFKit.m in Sources */,
				D544EC531652042E000A1090 /* NSDateFormatter+RFKit.m in Sources */,
				D544EC551652042E000A1090 /* NSDictionary+RFKit.m in Sources */,
				D544EC571652042E000A1090 /* NSFileManager+RFKit.m in Sources */,
				D544EC591652042E000A1090 /* NSNumberFormatter+RFKit.m in Sources */,
				D544EC5B1652042E000A1090 /* NSObject+RFKit.m in Sources */,
				D544EC5D1652042E000A1090 /* NSString+RFKit.m in Sources */,
				D544EC5F1652042E000A1090 /* NSURL+RFKit.m in Sources */,
				D544EC611652042E000A1090 /* UIAlertView+RFKit.m in Sources */,
				D544EC631652042E000A1090 /* UIButton+RFKit.m in Sources */,
				D544EC651652042E000A1090 /* UIColor+RFKit.m in Sources */,
				D544EC671652042E000A1090 /* UIDevice+RFKit.m in Sources */,
				D544EC691652042E000A1090 /* UIImage+RFKit.m in Sources */,
				D544EC6B1652042E000A1090 /* UIView+RFKit.m in Sources */,
				D544EC6D1652042E000A1090 /* UIViewController+RFKit.m in Sources */,
				D544EC731652042E000A1090 /* dout.m in Sources */,
				D544EC751652042E000A1090 /* UncaughtExceptionHandler.m in Sources */,
				D544EC7B1652042E000A1090 /* RFGeometry.m in Sources */,
				D544EC7D1652042E000A1090 /* RFKit.m in Sources */,
				D544EC7F1652042E000A1090 /* RFPerformance.m in Sources */,
				D544EC831652042E000A1090 /* RFUI.m in Sources */,
				D544ED1D165205DA000A1090 /* RFButton.m in Sources */,
				D544ED1F165205DA000A1090 /* RFResizableBackgroundImageButton.m in Sources */,
				D544ED21165205DA000A1090 /* RFImageGallery.m in Sources */,
				D544ED23165205DA000A1090 /* RFSidePanel.m in Sources */,
				D544ED31165205DA000A1090 /* RFThemeBundle.m in Sources */,
				D544ED33165205DA000A1090 /* RFWebViewController.m in Sources */,
				D544ED3B165205DA000A1090 /* RFFetchedResultsTableView.m in Sources */,
				D544ED3D165205DA000A1090 /* RFFetchedResultsTableViewController.m in Sources */,
				D544ED3F165205DA000A1090 /* RFImageTimeTunnel.m in Sources */,
				D544ED43165205DA000A1090 /* RFModalView.m in Sources */,
				D544ED45165205DA000A1090 /* RFSlideNavigationController.m in Sources */,
				D544ED47165205DA000A1090 /* RFStatusBarNotificationWindow.m in Sources */,
				D544ED4B165205DA000A1090 /* RFCheckmarkSelectedTableViewCell.m in Sources */,
				D544ED4D165205DA000A1090 /* RFTableViewCell.m in Sources */,
			);
			runOnlyForDeploymentPostprocessing = 0;
		};
		D51CC8A11622EE3B00BE1083 /* Sources */ = {
			isa = PBXSourcesBuildPhase;
			buildActionMask = 2147483647;
			files = (
				D51CC8B51622EE3B00BE1083 /* AppTests.m in Sources */,
				D576357E1623096E00FCE9FB /* RFNavigationPushSegue.m in Sources */,
				D57635801623096E00FCE9FB /* RFSegue.m in Sources */,
				D526B2F316381830003087FF /* ExampleEntity.m in Sources */,
				D526B2FB16381888003087FF /* main.xcdatamodeld in Sources */,
				D526B2FF163818B4003087FF /* ExampleEntity+Cache.m in Sources */,
				D544EC4E1652042E000A1090 /* NSArray+RFKit.m in Sources */,
				D544EC501652042E000A1090 /* NSBundle+RFKit.m in Sources */,
				D544EC521652042E000A1090 /* NSDate+RFKit.m in Sources */,
				D544EC541652042E000A1090 /* NSDateFormatter+RFKit.m in Sources */,
				D544EC561652042E000A1090 /* NSDictionary+RFKit.m in Sources */,
				D544EC581652042E000A1090 /* NSFileManager+RFKit.m in Sources */,
				D544EC5A1652042E000A1090 /* NSNumberFormatter+RFKit.m in Sources */,
				D544EC5C1652042E000A1090 /* NSObject+RFKit.m in Sources */,
				D544EC5E1652042E000A1090 /* NSString+RFKit.m in Sources */,
				D544EC601652042E000A1090 /* NSURL+RFKit.m in Sources */,
				D544EC621652042E000A1090 /* UIAlertView+RFKit.m in Sources */,
				D544EC641652042E000A1090 /* UIButton+RFKit.m in Sources */,
				D544EC661652042E000A1090 /* UIColor+RFKit.m in Sources */,
				D544EC681652042E000A1090 /* UIDevice+RFKit.m in Sources */,
				D544EC6A1652042E000A1090 /* UIImage+RFKit.m in Sources */,
				D544EC6C1652042E000A1090 /* UIView+RFKit.m in Sources */,
				D544EC6E1652042E000A1090 /* UIViewController+RFKit.m in Sources */,
				D544EC741652042E000A1090 /* dout.m in Sources */,
				D544EC761652042E000A1090 /* UncaughtExceptionHandler.m in Sources */,
				D544EC7C1652042E000A1090 /* RFGeometry.m in Sources */,
				D544EC7E1652042E000A1090 /* RFKit.m in Sources */,
				D544EC801652042E000A1090 /* RFPerformance.m in Sources */,
				D544EC841652042E000A1090 /* RFUI.m in Sources */,
				D544ED1E165205DA000A1090 /* RFButton.m in Sources */,
				D544ED20165205DA000A1090 /* RFResizableBackgroundImageButton.m in Sources */,
				D544ED22165205DA000A1090 /* RFImageGallery.m in Sources */,
				D544ED24165205DA000A1090 /* RFSidePanel.m in Sources */,
				D544ED32165205DA000A1090 /* RFThemeBundle.m in Sources */,
				D544ED34165205DA000A1090 /* RFWebViewController.m in Sources */,
				D544ED3C165205DA000A1090 /* RFFetchedResultsTableView.m in Sources */,
				D544ED3E165205DA000A1090 /* RFFetchedResultsTableViewController.m in Sources */,
				D544ED40165205DA000A1090 /* RFImageTimeTunnel.m in Sources */,
				D544ED44165205DA000A1090 /* RFModalView.m in Sources */,
				D544ED46165205DA000A1090 /* RFSlideNavigationController.m in Sources */,
				D544ED48165205DA000A1090 /* RFStatusBarNotificationWindow.m in Sources */,
				D544ED4C165205DA000A1090 /* RFCheckmarkSelectedTableViewCell.m in Sources */,
				D544ED4E165205DA000A1090 /* RFTableViewCell.m in Sources */,
			);
			runOnlyForDeploymentPostprocessing = 0;
		};
/* End PBXSourcesBuildPhase section */

/* Begin PBXTargetDependency section */
		D51CC8AC1622EE3B00BE1083 /* PBXTargetDependency */ = {
			isa = PBXTargetDependency;
			target = D51CC87B1622EE3B00BE1083 /* App */;
			targetProxy = D51CC8AB1622EE3B00BE1083 /* PBXContainerItemProxy */;
		};
/* End PBXTargetDependency section */

/* Begin XCBuildConfiguration section */
		D51CC8B61622EE3B00BE1083 /* Debug */ = {
			isa = XCBuildConfiguration;
			buildSettings = {
				CLANG_CXX_LIBRARY = "libc++";
				CLANG_ENABLE_OBJC_ARC = YES;
				CLANG_WARN_EMPTY_BODY = YES;
				CLANG_WARN__DUPLICATE_METHOD_MATCH = YES;
				"CODE_SIGN_IDENTITY[sdk=iphoneos*]" = "iPhone Developer";
				COPY_PHASE_STRIP = NO;
				GCC_DYNAMIC_NO_PIC = NO;
				GCC_OPTIMIZATION_LEVEL = 0;
				GCC_PREPROCESSOR_DEFINITIONS = (
					"DEBUG=1",
					"$(inherited)",
				);
				GCC_SYMBOLS_PRIVATE_EXTERN = NO;
				GCC_WARN_ABOUT_RETURN_TYPE = YES;
				GCC_WARN_UNINITIALIZED_AUTOS = YES;
				GCC_WARN_UNUSED_VARIABLE = YES;
				IPHONEOS_DEPLOYMENT_TARGET = 5.0;
				SDKROOT = iphoneos;
				TARGETED_DEVICE_FAMILY = "1,2";
			};
			name = Debug;
		};
		D51CC8B71622EE3B00BE1083 /* Release */ = {
			isa = XCBuildConfiguration;
			buildSettings = {
				CLANG_CXX_LIBRARY = "libc++";
				CLANG_ENABLE_OBJC_ARC = YES;
				CLANG_WARN_EMPTY_BODY = YES;
				CLANG_WARN__DUPLICATE_METHOD_MATCH = YES;
				"CODE_SIGN_IDENTITY[sdk=iphoneos*]" = "iPhone Distribution";
				COPY_PHASE_STRIP = YES;
				GCC_PREPROCESSOR_DEFINITIONS = "DEBUG=0";
				GCC_WARN_ABOUT_RETURN_TYPE = YES;
				GCC_WARN_UNINITIALIZED_AUTOS = YES;
				GCC_WARN_UNUSED_VARIABLE = YES;
				IPHONEOS_DEPLOYMENT_TARGET = 5.0;
				OTHER_CFLAGS = "-DNS_BLOCK_ASSERTIONS=1";
				"PROVISIONING_PROFILE[sdk=iphoneos*]" = "";
				SDKROOT = iphoneos;
				TARGETED_DEVICE_FAMILY = "1,2";
				VALIDATE_PRODUCT = YES;
			};
			name = Release;
		};
		D51CC8B91622EE3B00BE1083 /* Debug */ = {
			isa = XCBuildConfiguration;
			buildSettings = {
				ALWAYS_SEARCH_USER_PATHS = NO;
				GCC_PRECOMPILE_PREFIX_HEADER = YES;
				GCC_PREFIX_HEADER = App/Prefix.pch;
				GCC_PREPROCESSOR_DEFINITIONS = (
					"DEBUG=1",
					"$(inherited)",
					"DOUT_FALG_TRACE=1",
					"RFDebugLevel=3",
				);
				INFOPLIST_FILE = App/Info.plist;
				PRODUCT_NAME = "$(TARGET_NAME)";
				WRAPPER_EXTENSION = app;
			};
			name = Debug;
		};
		D51CC8BA1622EE3B00BE1083 /* Release */ = {
			isa = XCBuildConfiguration;
			buildSettings = {
				ALWAYS_SEARCH_USER_PATHS = NO;
				GCC_PRECOMPILE_PREFIX_HEADER = YES;
				GCC_PREFIX_HEADER = App/Prefix.pch;
				INFOPLIST_FILE = App/Info.plist;
				PRODUCT_NAME = "$(TARGET_NAME)";
				WRAPPER_EXTENSION = app;
			};
			name = Release;
		};
		D51CC8BC1622EE3B00BE1083 /* Debug */ = {
			isa = XCBuildConfiguration;
			buildSettings = {
				BUNDLE_LOADER = "$(BUILT_PRODUCTS_DIR)/App.app/App";
				FRAMEWORK_SEARCH_PATHS = (
					"\"$(SDKROOT)/Developer/Library/Frameworks\"",
					"\"$(DEVELOPER_LIBRARY_DIR)/Frameworks\"",
				);
				GCC_PRECOMPILE_PREFIX_HEADER = YES;
				GCC_PREFIX_HEADER = "App/App-Prefix.pch";
				INFOPLIST_FILE = "AppTests/AppTests-Info.plist";
				PRODUCT_NAME = "$(TARGET_NAME)";
				TEST_HOST = "$(BUNDLE_LOADER)";
				WRAPPER_EXTENSION = octest;
			};
			name = Debug;
		};
		D51CC8BD1622EE3B00BE1083 /* Release */ = {
			isa = XCBuildConfiguration;
			buildSettings = {
				BUNDLE_LOADER = "$(BUILT_PRODUCTS_DIR)/App.app/App";
				FRAMEWORK_SEARCH_PATHS = (
					"\"$(SDKROOT)/Developer/Library/Frameworks\"",
					"\"$(DEVELOPER_LIBRARY_DIR)/Frameworks\"",
				);
				GCC_PRECOMPILE_PREFIX_HEADER = YES;
				GCC_PREFIX_HEADER = "App/App-Prefix.pch";
				INFOPLIST_FILE = "AppTests/AppTests-Info.plist";
				PRODUCT_NAME = "$(TARGET_NAME)";
				TEST_HOST = "$(BUNDLE_LOADER)";
				WRAPPER_EXTENSION = octest;
			};
			name = Release;
		};
/* End XCBuildConfiguration section */

/* Begin XCConfigurationList section */
		D51CC8761622EE3B00BE1083 /* Build configuration list for PBXProject "App" */ = {
			isa = XCConfigurationList;
			buildConfigurations = (
				D51CC8B61622EE3B00BE1083 /* Debug */,
				D51CC8B71622EE3B00BE1083 /* Release */,
			);
			defaultConfigurationIsVisible = 0;
			defaultConfigurationName = Release;
		};
		D51CC8B81622EE3B00BE1083 /* Build configuration list for PBXNativeTarget "App" */ = {
			isa = XCConfigurationList;
			buildConfigurations = (
				D51CC8B91622EE3B00BE1083 /* Debug */,
				D51CC8BA1622EE3B00BE1083 /* Release */,
			);
			defaultConfigurationIsVisible = 0;
			defaultConfigurationName = Release;
		};
		D51CC8BB1622EE3B00BE1083 /* Build configuration list for PBXNativeTarget "AppTests" */ = {
			isa = XCConfigurationList;
			buildConfigurations = (
				D51CC8BC1622EE3B00BE1083 /* Debug */,
				D51CC8BD1622EE3B00BE1083 /* Release */,
			);
			defaultConfigurationIsVisible = 0;
			defaultConfigurationName = Release;
		};
/* End XCConfigurationList section */

/* Begin XCVersionGroup section */
		D526B2F816381888003087FF /* main.xcdatamodeld */ = {
			isa = XCVersionGroup;
			children = (
				D526B2F916381888003087FF /* main.xcdatamodel */,
			);
			currentVersion = D526B2F916381888003087FF /* main.xcdatamodel */;
			name = main.xcdatamodeld;
			path = "Core Data/main.xcdatamodeld";
			sourceTree = "<group>";
			versionGroupType = wrapper.xcdatamodel;
		};
/* End XCVersionGroup section */
	};
	rootObject = D51CC8731622EE3B00BE1083 /* Project object */;
}
